// !$*UTF8*$!
{
	archiveVersion = 1;
	classes = {
	};
	objectVersion = 46;
	objects = {

/* Begin PBXBuildFile section */
		0A749E4A143ACD450072DA35 /* ShoesSecondaryCategoryViewController.m in Sources */ = {isa = PBXBuildFile; fileRef = 0A749E49143ACD450072DA35 /* ShoesSecondaryCategoryViewController.m */; };
		0A749E4E143AE38C0072DA35 /* ShoesCategoryDict.m in Sources */ = {isa = PBXBuildFile; fileRef = 0A749E4D143AE38C0072DA35 /* ShoesCategoryDict.m */; };
		0A90AA30145E080C00BC5224 /* HJCircularBuffer.m in Sources */ = {isa = PBXBuildFile; fileRef = 0A90AA1D145E080C00BC5224 /* HJCircularBuffer.m */; };
		0A90AA31145E080C00BC5224 /* HJManagedImageV.m in Sources */ = {isa = PBXBuildFile; fileRef = 0A90AA1F145E080C00BC5224 /* HJManagedImageV.m */; };
		0A90AA32145E080C00BC5224 /* HJMOBigFileCache.m in Sources */ = {isa = PBXBuildFile; fileRef = 0A90AA22145E080C00BC5224 /* HJMOBigFileCache.m */; };
		0A90AA33145E080C00BC5224 /* HJMOFileCache.m in Sources */ = {isa = PBXBuildFile; fileRef = 0A90AA24145E080C00BC5224 /* HJMOFileCache.m */; };
		0A90AA34145E080C00BC5224 /* HJMOHandler.m in Sources */ = {isa = PBXBuildFile; fileRef = 0A90AA26145E080C00BC5224 /* HJMOHandler.m */; };
		0A90AA35145E080C00BC5224 /* HJMOPolicy.m in Sources */ = {isa = PBXBuildFile; fileRef = 0A90AA28145E080C00BC5224 /* HJMOPolicy.m */; };
		0A90AA36145E080C00BC5224 /* HJMOUserBase.m in Sources */ = {isa = PBXBuildFile; fileRef = 0A90AA2B145E080C00BC5224 /* HJMOUserBase.m */; };
		0A90AA37145E080C00BC5224 /* HJObjManager.m in Sources */ = {isa = PBXBuildFile; fileRef = 0A90AA2D145E080C00BC5224 /* HJObjManager.m */; };
		0A90AA38145E080C00BC5224 /* HJWeakMutableArray.m in Sources */ = {isa = PBXBuildFile; fileRef = 0A90AA2F145E080C00BC5224 /* HJWeakMutableArray.m */; };
		0AABC33E1432C80E009A7FE1 /* LoadMoreSearchResultsTableViewCell.m in Sources */ = {isa = PBXBuildFile; fileRef = 0AABC33D1432C80D009A7FE1 /* LoadMoreSearchResultsTableViewCell.m */; };
		1D3623260D0F684500981E51 /* MyShoesAppDelegate.m in Sources */ = {isa = PBXBuildFile; fileRef = 1D3623250D0F684500981E51 /* MyShoesAppDelegate.m */; };
		1D60589B0D05DD56006BFB54 /* main.m in Sources */ = {isa = PBXBuildFile; fileRef = 29B97316FDCFA39411CA2CEA /* main.m */; };
		1D60589F0D05DD5A006BFB54 /* Foundation.framework in Frameworks */ = {isa = PBXBuildFile; fileRef = 1D30AB110D05D00D00671497 /* Foundation.framework */; };
		1DF5F4E00D08C38300B7A737 /* UIKit.framework in Frameworks */ = {isa = PBXBuildFile; fileRef = 1DF5F4DF0D08C38300B7A737 /* UIKit.framework */; };
		288765A50DF7441C002DB57D /* CoreGraphics.framework in Frameworks */ = {isa = PBXBuildFile; fileRef = 288765A40DF7441C002DB57D /* CoreGraphics.framework */; };
		28AD733F0D9D9553002E5188 /* MainWindow.xib in Resources */ = {isa = PBXBuildFile; fileRef = 28AD733E0D9D9553002E5188 /* MainWindow.xib */; };
		28D7ACF80DDB3853001CB0EB /* ShoesListViewController.m in Sources */ = {isa = PBXBuildFile; fileRef = 28D7ACF70DDB3853001CB0EB /* ShoesListViewController.m */; };
		B029241D130DCC8B00A78DB1 /* QuartzCore.framework in Frameworks */ = {isa = PBXBuildFile; fileRef = B029241C130DCC8B00A78DB1 /* QuartzCore.framework */; };
		B0292545130E2CF700A78DB1 /* NSMutableArray+QueueAdditions.m in Sources */ = {isa = PBXBuildFile; fileRef = B0292544130E2CF700A78DB1 /* NSMutableArray+QueueAdditions.m */; };
		B02ADE5C142941340074543C /* HomeViewBtnCell.m in Sources */ = {isa = PBXBuildFile; fileRef = B02ADE5B142941340074543C /* HomeViewBtnCell.m */; };
		B03B057A1313463600A39685 /* SystemConfiguration.framework in Frameworks */ = {isa = PBXBuildFile; fileRef = B03B05791313463600A39685 /* SystemConfiguration.framework */; };
		B03B05A813134F0500A39685 /* Reachability.m in Sources */ = {isa = PBXBuildFile; fileRef = B03B05A613134F0500A39685 /* Reachability.m */; };
		B08768D71466163000CC9DB8 /* SearchViewController.m in Sources */ = {isa = PBXBuildFile; fileRef = B08768D61466163000CC9DB8 /* SearchViewController.m */; };
		B08768D91466164B00CC9DB8 /* SearchViewController.xib in Resources */ = {isa = PBXBuildFile; fileRef = B08768D81466164B00CC9DB8 /* SearchViewController.xib */; };
		B08F88FC14653298000EE234 /* SettingViewController.m in Sources */ = {isa = PBXBuildFile; fileRef = B08F88FB14653298000EE234 /* SettingViewController.m */; };
		B08F88FE146532C0000EE234 /* SettingViewController.xib in Resources */ = {isa = PBXBuildFile; fileRef = B08F88FD146532C0000EE234 /* SettingViewController.xib */; };
		B08F890214654362000EE234 /* MyAccountViewController.m in Sources */ = {isa = PBXBuildFile; fileRef = B08F890114654362000EE234 /* MyAccountViewController.m */; };
		B08F89041465437F000EE234 /* MyAccountViewController.xib in Resources */ = {isa = PBXBuildFile; fileRef = B08F89031465437F000EE234 /* MyAccountViewController.xib */; };
		B08F8907146545E2000EE234 /* LoginViewController.m in Sources */ = {isa = PBXBuildFile; fileRef = B08F8906146545E2000EE234 /* LoginViewController.m */; };
		B08F8909146545FD000EE234 /* LoginViewController.xib in Resources */ = {isa = PBXBuildFile; fileRef = B08F8908146545FD000EE234 /* LoginViewController.xib */; };
		B0916F1214651270008DC176 /* account.png in Resources */ = {isa = PBXBuildFile; fileRef = B0916F1014651270008DC176 /* account.png */; };
		B0916F1314651270008DC176 /* setting.png in Resources */ = {isa = PBXBuildFile; fileRef = B0916F1114651270008DC176 /* setting.png */; };
		B09C9F14146E0F0B0074CE8B /* ShoppingCartViewCell.m in Sources */ = {isa = PBXBuildFile; fileRef = B09C9F13146E0F0B0074CE8B /* ShoppingCartViewCell.m */; };
		B09F2029145A777900B5F70D /* BSPreviewScrollView.m in Sources */ = {isa = PBXBuildFile; fileRef = B09F2028145A777900B5F70D /* BSPreviewScrollView.m */; };
		B09F202E145A79E200B5F70D /* MBProgressHUD.m in Sources */ = {isa = PBXBuildFile; fileRef = B09F202B145A79E200B5F70D /* MBProgressHUD.m */; };
		B09F202F145A79E200B5F70D /* TapImage.m in Sources */ = {isa = PBXBuildFile; fileRef = B09F202D145A79E200B5F70D /* TapImage.m */; };
		B09F2033145A7C2000B5F70D /* OrderedDictionary.m in Sources */ = {isa = PBXBuildFile; fileRef = B09F2032145A7C2000B5F70D /* OrderedDictionary.m */; };
		B09F203D145A7C4B00B5F70D /* background.png in Resources */ = {isa = PBXBuildFile; fileRef = B09F2034145A7C4B00B5F70D /* background.png */; };
		B09F203E145A7C4B00B5F70D /* category.png in Resources */ = {isa = PBXBuildFile; fileRef = B09F2035145A7C4B00B5F70D /* category.png */; };
		B09F203F145A7C4B00B5F70D /* home.png in Resources */ = {isa = PBXBuildFile; fileRef = B09F2036145A7C4B00B5F70D /* home.png */; };
		B09F2040145A7C4B00B5F70D /* Icon.png in Resources */ = {isa = PBXBuildFile; fileRef = B09F2037145A7C4B00B5F70D /* Icon.png */; };
		B09F2041145A7C4B00B5F70D /* red_button.png in Resources */ = {isa = PBXBuildFile; fileRef = B09F2038145A7C4B00B5F70D /* red_button.png */; };
		B09F2042145A7C4B00B5F70D /* sale.png in Resources */ = {isa = PBXBuildFile; fileRef = B09F2039145A7C4B00B5F70D /* sale.png */; };
		B09F2043145A7C4B00B5F70D /* search.png in Resources */ = {isa = PBXBuildFile; fileRef = B09F203A145A7C4B00B5F70D /* search.png */; };
		B09F2044145A7C4B00B5F70D /* settings.png in Resources */ = {isa = PBXBuildFile; fileRef = B09F203B145A7C4B00B5F70D /* settings.png */; };
		B09F2045145A7C4B00B5F70D /* shopping_cart-32.png in Resources */ = {isa = PBXBuildFile; fileRef = B09F203C145A7C4B00B5F70D /* shopping_cart-32.png */; };
		B09F204A145A7C6200B5F70D /* HomeViewBtnCell.xib in Resources */ = {isa = PBXBuildFile; fileRef = B09F2046145A7C6200B5F70D /* HomeViewBtnCell.xib */; };
		B09F204B145A7C6200B5F70D /* HomeViewController.xib in Resources */ = {isa = PBXBuildFile; fileRef = B09F2047145A7C6200B5F70D /* HomeViewController.xib */; };
		B09F204C145A7C6200B5F70D /* ShoesListViewController.xib in Resources */ = {isa = PBXBuildFile; fileRef = B09F2048145A7C6200B5F70D /* ShoesListViewController.xib */; };
		B09F204D145A7C6200B5F70D /* ShoesSecondaryCategoryViewController.xib in Resources */ = {isa = PBXBuildFile; fileRef = B09F2049145A7C6200B5F70D /* ShoesSecondaryCategoryViewController.xib */; };
		B0A203C7145FCCEE00E5AF97 /* CustomNavigationController.m in Sources */ = {isa = PBXBuildFile; fileRef = B0A203C6145FCCEE00E5AF97 /* CustomNavigationController.m */; };
		B0ADDC021316FEEE00B34625 /* ShoesDetailViewController.m in Sources */ = {isa = PBXBuildFile; fileRef = B0ADDC001316FEEE00B34625 /* ShoesDetailViewController.m */; };
		B0ADDC031316FEEE00B34625 /* ShoesDetailViewController.xib in Resources */ = {isa = PBXBuildFile; fileRef = B0ADDC011316FEEE00B34625 /* ShoesDetailViewController.xib */; };
		B0B8B7E312F7917A00446CCC /* TFHpple.m in Sources */ = {isa = PBXBuildFile; fileRef = B0B8B7DE12F7917A00446CCC /* TFHpple.m */; };
		B0B8B7E412F7917A00446CCC /* TFHppleElement.m in Sources */ = {isa = PBXBuildFile; fileRef = B0B8B7E012F7917A00446CCC /* TFHppleElement.m */; };
		B0B8B7E512F7917A00446CCC /* XPathQuery.m in Sources */ = {isa = PBXBuildFile; fileRef = B0B8B7E212F7917A00446CCC /* XPathQuery.m */; };
		B0B8B87012F7EED600446CCC /* Shoes.m in Sources */ = {isa = PBXBuildFile; fileRef = B0B8B86F12F7EED600446CCC /* Shoes.m */; };
		B0C4BE0F142C3CB600070F39 /* ShoesCategoryViewController.m in Sources */ = {isa = PBXBuildFile; fileRef = B0C4BE0D142C3CB600070F39 /* ShoesCategoryViewController.m */; };
		B0C4BE10142C3CB600070F39 /* ShoesCategoryViewController.xib in Resources */ = {isa = PBXBuildFile; fileRef = B0C4BE0E142C3CB600070F39 /* ShoesCategoryViewController.xib */; };
		B0E1BC8D130095560044A2EF /* ShoesCategory.m in Sources */ = {isa = PBXBuildFile; fileRef = B0E1BC8C130095560044A2EF /* ShoesCategory.m */; };
		B0E1BE741301F88B0044A2EF /* TFHppleElement+AccessChildren.m in Sources */ = {isa = PBXBuildFile; fileRef = B0E1BE731301F88B0044A2EF /* TFHppleElement+AccessChildren.m */; };
		B0E5030E12F185C100C8978B /* NetworkTool.m in Sources */ = {isa = PBXBuildFile; fileRef = B0E5030D12F185C100C8978B /* NetworkTool.m */; };
		B0E59BA2144E9F810084AED5 /* ShoppingCart.m in Sources */ = {isa = PBXBuildFile; fileRef = B0E59BA1144E9F810084AED5 /* ShoppingCart.m */; };
		B0EDFEF6144950DF0026EC99 /* BSPreviewScrollView+ReloadPages.m in Sources */ = {isa = PBXBuildFile; fileRef = B0EDFEF5144950DF0026EC99 /* BSPreviewScrollView+ReloadPages.m */; };
		B0EE004D142D6FCC008A1131 /* ShoesListViewCell.m in Sources */ = {isa = PBXBuildFile; fileRef = B0EE004B142D6FCC008A1131 /* ShoesListViewCell.m */; };
		B0F067C914560FB400659B05 /* ShoppingCartViewController.m in Sources */ = {isa = PBXBuildFile; fileRef = B0F067C714560FB400659B05 /* ShoppingCartViewController.m */; };
		B0F067CA14560FB400659B05 /* ShoppingCartViewController.xib in Resources */ = {isa = PBXBuildFile; fileRef = B0F067C814560FB400659B05 /* ShoppingCartViewController.xib */; };
		B0F63C771426B52D0017CC02 /* HomeViewController.m in Sources */ = {isa = PBXBuildFile; fileRef = B0F63C751426B52D0017CC02 /* HomeViewController.m */; };
/* End PBXBuildFile section */

/* Begin PBXFileReference section */
		0A749E48143ACD450072DA35 /* ShoesSecondaryCategoryViewController.h */ = {isa = PBXFileReference; fileEncoding = 4; lastKnownFileType = sourcecode.c.h; path = ShoesSecondaryCategoryViewController.h; sourceTree = "<group>"; };
		0A749E49143ACD450072DA35 /* ShoesSecondaryCategoryViewController.m */ = {isa = PBXFileReference; fileEncoding = 4; lastKnownFileType = sourcecode.c.objc; path = ShoesSecondaryCategoryViewController.m; sourceTree = "<group>"; };
		0A749E4C143AE38B0072DA35 /* ShoesCategoryDict.h */ = {isa = PBXFileReference; fileEncoding = 4; lastKnownFileType = sourcecode.c.h; path = ShoesCategoryDict.h; sourceTree = "<group>"; };
		0A749E4D143AE38C0072DA35 /* ShoesCategoryDict.m */ = {isa = PBXFileReference; fileEncoding = 4; lastKnownFileType = sourcecode.c.objc; path = ShoesCategoryDict.m; sourceTree = "<group>"; };
		0A90AA1C145E080C00BC5224 /* HJCircularBuffer.h */ = {isa = PBXFileReference; fileEncoding = 4; lastKnownFileType = sourcecode.c.h; name = HJCircularBuffer.h; path = Classes/HJCacheClasses/HJCircularBuffer.h; sourceTree = "<group>"; };
		0A90AA1D145E080C00BC5224 /* HJCircularBuffer.m */ = {isa = PBXFileReference; fileEncoding = 4; lastKnownFileType = sourcecode.c.objc; name = HJCircularBuffer.m; path = Classes/HJCacheClasses/HJCircularBuffer.m; sourceTree = "<group>"; };
		0A90AA1E145E080C00BC5224 /* HJManagedImageV.h */ = {isa = PBXFileReference; fileEncoding = 4; lastKnownFileType = sourcecode.c.h; name = HJManagedImageV.h; path = Classes/HJCacheClasses/HJManagedImageV.h; sourceTree = "<group>"; };
		0A90AA1F145E080C00BC5224 /* HJManagedImageV.m */ = {isa = PBXFileReference; fileEncoding = 4; lastKnownFileType = sourcecode.c.objc; name = HJManagedImageV.m; path = Classes/HJCacheClasses/HJManagedImageV.m; sourceTree = "<group>"; };
		0A90AA20145E080C00BC5224 /* HJManagedImageVDelegate.h */ = {isa = PBXFileReference; fileEncoding = 4; lastKnownFileType = sourcecode.c.h; name = HJManagedImageVDelegate.h; path = Classes/HJCacheClasses/HJManagedImageVDelegate.h; sourceTree = "<group>"; };
		0A90AA21145E080C00BC5224 /* HJMOBigFileCache.h */ = {isa = PBXFileReference; fileEncoding = 4; lastKnownFileType = sourcecode.c.h; name = HJMOBigFileCache.h; path = Classes/HJCacheClasses/HJMOBigFileCache.h; sourceTree = "<group>"; };
		0A90AA22145E080C00BC5224 /* HJMOBigFileCache.m */ = {isa = PBXFileReference; fileEncoding = 4; lastKnownFileType = sourcecode.c.objc; name = HJMOBigFileCache.m; path = Classes/HJCacheClasses/HJMOBigFileCache.m; sourceTree = "<group>"; };
		0A90AA23145E080C00BC5224 /* HJMOFileCache.h */ = {isa = PBXFileReference; fileEncoding = 4; lastKnownFileType = sourcecode.c.h; name = HJMOFileCache.h; path = Classes/HJCacheClasses/HJMOFileCache.h; sourceTree = "<group>"; };
		0A90AA24145E080C00BC5224 /* HJMOFileCache.m */ = {isa = PBXFileReference; fileEncoding = 4; lastKnownFileType = sourcecode.c.objc; name = HJMOFileCache.m; path = Classes/HJCacheClasses/HJMOFileCache.m; sourceTree = "<group>"; };
		0A90AA25145E080C00BC5224 /* HJMOHandler.h */ = {isa = PBXFileReference; fileEncoding = 4; lastKnownFileType = sourcecode.c.h; name = HJMOHandler.h; path = Classes/HJCacheClasses/HJMOHandler.h; sourceTree = "<group>"; };
		0A90AA26145E080C00BC5224 /* HJMOHandler.m */ = {isa = PBXFileReference; fileEncoding = 4; lastKnownFileType = sourcecode.c.objc; name = HJMOHandler.m; path = Classes/HJCacheClasses/HJMOHandler.m; sourceTree = "<group>"; };
		0A90AA27145E080C00BC5224 /* HJMOPolicy.h */ = {isa = PBXFileReference; fileEncoding = 4; lastKnownFileType = sourcecode.c.h; name = HJMOPolicy.h; path = Classes/HJCacheClasses/HJMOPolicy.h; sourceTree = "<group>"; };
		0A90AA28145E080C00BC5224 /* HJMOPolicy.m */ = {isa = PBXFileReference; fileEncoding = 4; lastKnownFileType = sourcecode.c.objc; name = HJMOPolicy.m; path = Classes/HJCacheClasses/HJMOPolicy.m; sourceTree = "<group>"; };
		0A90AA29145E080C00BC5224 /* HJMOUser.h */ = {isa = PBXFileReference; fileEncoding = 4; lastKnownFileType = sourcecode.c.h; name = HJMOUser.h; path = Classes/HJCacheClasses/HJMOUser.h; sourceTree = "<group>"; };
		0A90AA2A145E080C00BC5224 /* HJMOUserBase.h */ = {isa = PBXFileReference; fileEncoding = 4; lastKnownFileType = sourcecode.c.h; name = HJMOUserBase.h; path = Classes/HJCacheClasses/HJMOUserBase.h; sourceTree = "<group>"; };
		0A90AA2B145E080C00BC5224 /* HJMOUserBase.m */ = {isa = PBXFileReference; fileEncoding = 4; lastKnownFileType = sourcecode.c.objc; name = HJMOUserBase.m; path = Classes/HJCacheClasses/HJMOUserBase.m; sourceTree = "<group>"; };
		0A90AA2C145E080C00BC5224 /* HJObjManager.h */ = {isa = PBXFileReference; fileEncoding = 4; lastKnownFileType = sourcecode.c.h; name = HJObjManager.h; path = Classes/HJCacheClasses/HJObjManager.h; sourceTree = "<group>"; };
		0A90AA2D145E080C00BC5224 /* HJObjManager.m */ = {isa = PBXFileReference; fileEncoding = 4; lastKnownFileType = sourcecode.c.objc; name = HJObjManager.m; path = Classes/HJCacheClasses/HJObjManager.m; sourceTree = "<group>"; };
		0A90AA2E145E080C00BC5224 /* HJWeakMutableArray.h */ = {isa = PBXFileReference; fileEncoding = 4; lastKnownFileType = sourcecode.c.h; name = HJWeakMutableArray.h; path = Classes/HJCacheClasses/HJWeakMutableArray.h; sourceTree = "<group>"; };
		0A90AA2F145E080C00BC5224 /* HJWeakMutableArray.m */ = {isa = PBXFileReference; fileEncoding = 4; lastKnownFileType = sourcecode.c.objc; name = HJWeakMutableArray.m; path = Classes/HJCacheClasses/HJWeakMutableArray.m; sourceTree = "<group>"; };
		0AABC33C1432C80D009A7FE1 /* LoadMoreSearchResultsTableViewCell.h */ = {isa = PBXFileReference; fileEncoding = 4; lastKnownFileType = sourcecode.c.h; path = LoadMoreSearchResultsTableViewCell.h; sourceTree = "<group>"; };
		0AABC33D1432C80D009A7FE1 /* LoadMoreSearchResultsTableViewCell.m */ = {isa = PBXFileReference; fileEncoding = 4; lastKnownFileType = sourcecode.c.objc; path = LoadMoreSearchResultsTableViewCell.m; sourceTree = "<group>"; };
		1D30AB110D05D00D00671497 /* Foundation.framework */ = {isa = PBXFileReference; lastKnownFileType = wrapper.framework; name = Foundation.framework; path = System/Library/Frameworks/Foundation.framework; sourceTree = SDKROOT; };
		1D3623240D0F684500981E51 /* MyShoesAppDelegate.h */ = {isa = PBXFileReference; fileEncoding = 4; lastKnownFileType = sourcecode.c.h; path = MyShoesAppDelegate.h; sourceTree = "<group>"; };
		1D3623250D0F684500981E51 /* MyShoesAppDelegate.m */ = {isa = PBXFileReference; fileEncoding = 4; lastKnownFileType = sourcecode.c.objc; path = MyShoesAppDelegate.m; sourceTree = "<group>"; };
		1D6058910D05DD3D006BFB54 /* MyShoes.app */ = {isa = PBXFileReference; explicitFileType = wrapper.application; includeInIndex = 0; path = MyShoes.app; sourceTree = BUILT_PRODUCTS_DIR; };
		1DF5F4DF0D08C38300B7A737 /* UIKit.framework */ = {isa = PBXFileReference; lastKnownFileType = wrapper.framework; name = UIKit.framework; path = System/Library/Frameworks/UIKit.framework; sourceTree = SDKROOT; };
		288765A40DF7441C002DB57D /* CoreGraphics.framework */ = {isa = PBXFileReference; lastKnownFileType = wrapper.framework; name = CoreGraphics.framework; path = System/Library/Frameworks/CoreGraphics.framework; sourceTree = SDKROOT; };
		28AD733E0D9D9553002E5188 /* MainWindow.xib */ = {isa = PBXFileReference; lastKnownFileType = file.xib; path = MainWindow.xib; sourceTree = "<group>"; };
		28D7ACF60DDB3853001CB0EB /* ShoesListViewController.h */ = {isa = PBXFileReference; fileEncoding = 4; lastKnownFileType = sourcecode.c.h; path = ShoesListViewController.h; sourceTree = "<group>"; };
		28D7ACF70DDB3853001CB0EB /* ShoesListViewController.m */ = {isa = PBXFileReference; fileEncoding = 4; lastKnownFileType = sourcecode.c.objc; path = ShoesListViewController.m; sourceTree = "<group>"; };
		29B97316FDCFA39411CA2CEA /* main.m */ = {isa = PBXFileReference; fileEncoding = 4; lastKnownFileType = sourcecode.c.objc; path = main.m; sourceTree = "<group>"; };
		32CA4F630368D1EE00C91783 /* MyShoes_Prefix.pch */ = {isa = PBXFileReference; fileEncoding = 4; lastKnownFileType = sourcecode.c.h; path = MyShoes_Prefix.pch; sourceTree = "<group>"; };
		8D1107310486CEB800E47090 /* MyShoes-Info.plist */ = {isa = PBXFileReference; fileEncoding = 4; lastKnownFileType = text.plist.xml; path = "MyShoes-Info.plist"; plistStructureDefinitionIdentifier = "com.apple.xcode.plist.structure-definition.iphone.info-plist"; sourceTree = "<group>"; };
		B029241C130DCC8B00A78DB1 /* QuartzCore.framework */ = {isa = PBXFileReference; lastKnownFileType = wrapper.framework; name = QuartzCore.framework; path = System/Library/Frameworks/QuartzCore.framework; sourceTree = SDKROOT; };
		B0292543130E2CF600A78DB1 /* NSMutableArray+QueueAdditions.h */ = {isa = PBXFileReference; fileEncoding = 4; lastKnownFileType = sourcecode.c.h; path = "NSMutableArray+QueueAdditions.h"; sourceTree = "<group>"; };
		B0292544130E2CF700A78DB1 /* NSMutableArray+QueueAdditions.m */ = {isa = PBXFileReference; fileEncoding = 4; lastKnownFileType = sourcecode.c.objc; path = "NSMutableArray+QueueAdditions.m"; sourceTree = "<group>"; };
		B02ADE5A142941330074543C /* HomeViewBtnCell.h */ = {isa = PBXFileReference; fileEncoding = 4; lastKnownFileType = sourcecode.c.h; path = HomeViewBtnCell.h; sourceTree = "<group>"; };
		B02ADE5B142941340074543C /* HomeViewBtnCell.m */ = {isa = PBXFileReference; fileEncoding = 4; lastKnownFileType = sourcecode.c.objc; path = HomeViewBtnCell.m; sourceTree = "<group>"; };
		B03B05791313463600A39685 /* SystemConfiguration.framework */ = {isa = PBXFileReference; lastKnownFileType = wrapper.framework; name = SystemConfiguration.framework; path = System/Library/Frameworks/SystemConfiguration.framework; sourceTree = SDKROOT; };
		B03B05A613134F0500A39685 /* Reachability.m */ = {isa = PBXFileReference; fileEncoding = 4; lastKnownFileType = sourcecode.c.objc; path = Reachability.m; sourceTree = "<group>"; };
		B03B05A713134F0500A39685 /* Reachability.h */ = {isa = PBXFileReference; fileEncoding = 4; lastKnownFileType = sourcecode.c.h; path = Reachability.h; sourceTree = "<group>"; };
		B08768D51466163000CC9DB8 /* SearchViewController.h */ = {isa = PBXFileReference; fileEncoding = 4; lastKnownFileType = sourcecode.c.h; path = SearchViewController.h; sourceTree = "<group>"; };
		B08768D61466163000CC9DB8 /* SearchViewController.m */ = {isa = PBXFileReference; fileEncoding = 4; lastKnownFileType = sourcecode.c.objc; path = SearchViewController.m; sourceTree = "<group>"; };
		B08768D81466164B00CC9DB8 /* SearchViewController.xib */ = {isa = PBXFileReference; fileEncoding = 4; lastKnownFileType = file.xib; name = SearchViewController.xib; path = Resources/SearchViewController.xib; sourceTree = "<group>"; };
		B08F88FA14653298000EE234 /* SettingViewController.h */ = {isa = PBXFileReference; fileEncoding = 4; lastKnownFileType = sourcecode.c.h; path = SettingViewController.h; sourceTree = "<group>"; };
		B08F88FB14653298000EE234 /* SettingViewController.m */ = {isa = PBXFileReference; fileEncoding = 4; lastKnownFileType = sourcecode.c.objc; path = SettingViewController.m; sourceTree = "<group>"; };
		B08F88FD146532C0000EE234 /* SettingViewController.xib */ = {isa = PBXFileReference; fileEncoding = 4; lastKnownFileType = file.xib; name = SettingViewController.xib; path = Resources/SettingViewController.xib; sourceTree = "<group>"; };
		B08F890014654362000EE234 /* MyAccountViewController.h */ = {isa = PBXFileReference; fileEncoding = 4; lastKnownFileType = sourcecode.c.h; path = MyAccountViewController.h; sourceTree = "<group>"; };
		B08F890114654362000EE234 /* MyAccountViewController.m */ = {isa = PBXFileReference; fileEncoding = 4; lastKnownFileType = sourcecode.c.objc; path = MyAccountViewController.m; sourceTree = "<group>"; };
		B08F89031465437F000EE234 /* MyAccountViewController.xib */ = {isa = PBXFileReference; fileEncoding = 4; lastKnownFileType = file.xib; name = MyAccountViewController.xib; path = Resources/MyAccountViewController.xib; sourceTree = "<group>"; };
		B08F8905146545E2000EE234 /* LoginViewController.h */ = {isa = PBXFileReference; fileEncoding = 4; lastKnownFileType = sourcecode.c.h; path = LoginViewController.h; sourceTree = "<group>"; };
		B08F8906146545E2000EE234 /* LoginViewController.m */ = {isa = PBXFileReference; fileEncoding = 4; lastKnownFileType = sourcecode.c.objc; path = LoginViewController.m; sourceTree = "<group>"; };
		B08F8908146545FD000EE234 /* LoginViewController.xib */ = {isa = PBXFileReference; fileEncoding = 4; lastKnownFileType = file.xib; name = LoginViewController.xib; path = Resources/LoginViewController.xib; sourceTree = "<group>"; };
		B0916F1014651270008DC176 /* account.png */ = {isa = PBXFileReference; lastKnownFileType = image.png; name = account.png; path = Resources/account.png; sourceTree = "<group>"; };
		B0916F1114651270008DC176 /* setting.png */ = {isa = PBXFileReference; lastKnownFileType = image.png; name = setting.png; path = Resources/setting.png; sourceTree = "<group>"; };
		B09C9F12146E0F0B0074CE8B /* ShoppingCartViewCell.h */ = {isa = PBXFileReference; fileEncoding = 4; lastKnownFileType = sourcecode.c.h; path = ShoppingCartViewCell.h; sourceTree = "<group>"; };
		B09C9F13146E0F0B0074CE8B /* ShoppingCartViewCell.m */ = {isa = PBXFileReference; fileEncoding = 4; lastKnownFileType = sourcecode.c.objc; path = ShoppingCartViewCell.m; sourceTree = "<group>"; };
		B09F2027145A777900B5F70D /* BSPreviewScrollView.h */ = {isa = PBXFileReference; fileEncoding = 4; lastKnownFileType = sourcecode.c.h; name = BSPreviewScrollView.h; path = Classes/BSPreviewScrollView/BSPreviewScrollView.h; sourceTree = "<group>"; };
		B09F2028145A777900B5F70D /* BSPreviewScrollView.m */ = {isa = PBXFileReference; fileEncoding = 4; lastKnownFileType = sourcecode.c.objc; name = BSPreviewScrollView.m; path = Classes/BSPreviewScrollView/BSPreviewScrollView.m; sourceTree = "<group>"; };
		B09F202A145A79E200B5F70D /* MBProgressHUD.h */ = {isa = PBXFileReference; fileEncoding = 4; lastKnownFileType = sourcecode.c.h; name = MBProgressHUD.h; path = Classes/MBProgressHUD/MBProgressHUD.h; sourceTree = "<group>"; };
		B09F202B145A79E200B5F70D /* MBProgressHUD.m */ = {isa = PBXFileReference; fileEncoding = 4; lastKnownFileType = sourcecode.c.objc; name = MBProgressHUD.m; path = Classes/MBProgressHUD/MBProgressHUD.m; sourceTree = "<group>"; };
		B09F202C145A79E200B5F70D /* TapImage.h */ = {isa = PBXFileReference; fileEncoding = 4; lastKnownFileType = sourcecode.c.h; name = TapImage.h; path = Classes/MBProgressHUD/TapImage.h; sourceTree = "<group>"; };
		B09F202D145A79E200B5F70D /* TapImage.m */ = {isa = PBXFileReference; fileEncoding = 4; lastKnownFileType = sourcecode.c.objc; name = TapImage.m; path = Classes/MBProgressHUD/TapImage.m; sourceTree = "<group>"; };
		B09F2031145A7C2000B5F70D /* OrderedDictionary.h */ = {isa = PBXFileReference; fileEncoding = 4; lastKnownFileType = sourcecode.c.h; name = OrderedDictionary.h; path = Classes/OrderedDictionary/OrderedDictionary.h; sourceTree = "<group>"; };
		B09F2032145A7C2000B5F70D /* OrderedDictionary.m */ = {isa = PBXFileReference; fileEncoding = 4; lastKnownFileType = sourcecode.c.objc; name = OrderedDictionary.m; path = Classes/OrderedDictionary/OrderedDictionary.m; sourceTree = "<group>"; };
		B09F2034145A7C4B00B5F70D /* background.png */ = {isa = PBXFileReference; lastKnownFileType = image.png; name = background.png; path = Resources/background.png; sourceTree = "<group>"; };
		B09F2035145A7C4B00B5F70D /* category.png */ = {isa = PBXFileReference; lastKnownFileType = image.png; name = category.png; path = Resources/category.png; sourceTree = "<group>"; };
		B09F2036145A7C4B00B5F70D /* home.png */ = {isa = PBXFileReference; lastKnownFileType = image.png; name = home.png; path = Resources/home.png; sourceTree = "<group>"; };
		B09F2037145A7C4B00B5F70D /* Icon.png */ = {isa = PBXFileReference; lastKnownFileType = image.png; name = Icon.png; path = Resources/Icon.png; sourceTree = "<group>"; };
		B09F2038145A7C4B00B5F70D /* red_button.png */ = {isa = PBXFileReference; lastKnownFileType = image.png; name = red_button.png; path = Resources/red_button.png; sourceTree = "<group>"; };
		B09F2039145A7C4B00B5F70D /* sale.png */ = {isa = PBXFileReference; lastKnownFileType = image.png; name = sale.png; path = Resources/sale.png; sourceTree = "<group>"; };
		B09F203A145A7C4B00B5F70D /* search.png */ = {isa = PBXFileReference; lastKnownFileType = image.png; name = search.png; path = Resources/search.png; sourceTree = "<group>"; };
		B09F203B145A7C4B00B5F70D /* settings.png */ = {isa = PBXFileReference; lastKnownFileType = image.png; name = settings.png; path = Resources/settings.png; sourceTree = "<group>"; };
		B09F203C145A7C4B00B5F70D /* shopping_cart-32.png */ = {isa = PBXFileReference; lastKnownFileType = image.png; name = "shopping_cart-32.png"; path = "Resources/shopping_cart-32.png"; sourceTree = "<group>"; };
		B09F2046145A7C6200B5F70D /* HomeViewBtnCell.xib */ = {isa = PBXFileReference; fileEncoding = 4; lastKnownFileType = file.xib; name = HomeViewBtnCell.xib; path = Resources/HomeViewBtnCell.xib; sourceTree = "<group>"; };
		B09F2047145A7C6200B5F70D /* HomeViewController.xib */ = {isa = PBXFileReference; fileEncoding = 4; lastKnownFileType = file.xib; name = HomeViewController.xib; path = Resources/HomeViewController.xib; sourceTree = "<group>"; };
		B09F2048145A7C6200B5F70D /* ShoesListViewController.xib */ = {isa = PBXFileReference; fileEncoding = 4; lastKnownFileType = file.xib; name = ShoesListViewController.xib; path = Resources/ShoesListViewController.xib; sourceTree = "<group>"; };
		B09F2049145A7C6200B5F70D /* ShoesSecondaryCategoryViewController.xib */ = {isa = PBXFileReference; fileEncoding = 4; lastKnownFileType = file.xib; name = ShoesSecondaryCategoryViewController.xib; path = Resources/ShoesSecondaryCategoryViewController.xib; sourceTree = "<group>"; };
		B0A203C5145FCCEE00E5AF97 /* CustomNavigationController.h */ = {isa = PBXFileReference; fileEncoding = 4; lastKnownFileType = sourcecode.c.h; name = CustomNavigationController.h; path = Classes/customNavigationController/CustomNavigationController.h; sourceTree = "<group>"; };
		B0A203C6145FCCEE00E5AF97 /* CustomNavigationController.m */ = {isa = PBXFileReference; fileEncoding = 4; lastKnownFileType = sourcecode.c.objc; name = CustomNavigationController.m; path = Classes/customNavigationController/CustomNavigationController.m; sourceTree = "<group>"; };
		B0ADDBFF1316FEEE00B34625 /* ShoesDetailViewController.h */ = {isa = PBXFileReference; fileEncoding = 4; lastKnownFileType = sourcecode.c.h; path = ShoesDetailViewController.h; sourceTree = "<group>"; };
		B0ADDC001316FEEE00B34625 /* ShoesDetailViewController.m */ = {isa = PBXFileReference; fileEncoding = 4; lastKnownFileType = sourcecode.c.objc; path = ShoesDetailViewController.m; sourceTree = "<group>"; };
		B0ADDC011316FEEE00B34625 /* ShoesDetailViewController.xib */ = {isa = PBXFileReference; lastKnownFileType = file.xib; name = ShoesDetailViewController.xib; path = Classes/ShoesDetailViewController.xib; sourceTree = "<group>"; };
		B0B8B76B12F76C1900446CCC /* Config.h */ = {isa = PBXFileReference; fileEncoding = 4; lastKnownFileType = sourcecode.c.h; path = Config.h; sourceTree = "<group>"; };
		B0B8B79C12F7706600446CCC /* Debug.h */ = {isa = PBXFileReference; fileEncoding = 4; lastKnownFileType = sourcecode.c.h; path = Debug.h; sourceTree = "<group>"; };
		B0B8B7DD12F7917A00446CCC /* TFHpple.h */ = {isa = PBXFileReference; fileEncoding = 4; lastKnownFileType = sourcecode.c.h; path = TFHpple.h; sourceTree = "<group>"; };
		B0B8B7DE12F7917A00446CCC /* TFHpple.m */ = {isa = PBXFileReference; fileEncoding = 4; lastKnownFileType = sourcecode.c.objc; path = TFHpple.m; sourceTree = "<group>"; };
		B0B8B7DF12F7917A00446CCC /* TFHppleElement.h */ = {isa = PBXFileReference; fileEncoding = 4; lastKnownFileType = sourcecode.c.h; path = TFHppleElement.h; sourceTree = "<group>"; };
		B0B8B7E012F7917A00446CCC /* TFHppleElement.m */ = {isa = PBXFileReference; fileEncoding = 4; lastKnownFileType = sourcecode.c.objc; path = TFHppleElement.m; sourceTree = "<group>"; };
		B0B8B7E112F7917A00446CCC /* XPathQuery.h */ = {isa = PBXFileReference; fileEncoding = 4; lastKnownFileType = sourcecode.c.h; path = XPathQuery.h; sourceTree = "<group>"; };
		B0B8B7E212F7917A00446CCC /* XPathQuery.m */ = {isa = PBXFileReference; fileEncoding = 4; lastKnownFileType = sourcecode.c.objc; path = XPathQuery.m; sourceTree = "<group>"; };
		B0B8B86E12F7EED600446CCC /* Shoes.h */ = {isa = PBXFileReference; fileEncoding = 4; lastKnownFileType = sourcecode.c.h; path = Shoes.h; sourceTree = "<group>"; };
		B0B8B86F12F7EED600446CCC /* Shoes.m */ = {isa = PBXFileReference; fileEncoding = 4; lastKnownFileType = sourcecode.c.objc; path = Shoes.m; sourceTree = "<group>"; };
		B0C4BE0C142C3CB600070F39 /* ShoesCategoryViewController.h */ = {isa = PBXFileReference; fileEncoding = 4; lastKnownFileType = sourcecode.c.h; path = ShoesCategoryViewController.h; sourceTree = "<group>"; };
		B0C4BE0D142C3CB600070F39 /* ShoesCategoryViewController.m */ = {isa = PBXFileReference; fileEncoding = 4; lastKnownFileType = sourcecode.c.objc; path = ShoesCategoryViewController.m; sourceTree = "<group>"; };
		B0C4BE0E142C3CB600070F39 /* ShoesCategoryViewController.xib */ = {isa = PBXFileReference; fileEncoding = 4; lastKnownFileType = file.xib; name = ShoesCategoryViewController.xib; path = Classes/ShoesCategoryViewController.xib; sourceTree = "<group>"; };
		B0E1BC8B130095560044A2EF /* ShoesCategory.h */ = {isa = PBXFileReference; fileEncoding = 4; lastKnownFileType = sourcecode.c.h; path = ShoesCategory.h; sourceTree = "<group>"; };
		B0E1BC8C130095560044A2EF /* ShoesCategory.m */ = {isa = PBXFileReference; fileEncoding = 4; lastKnownFileType = sourcecode.c.objc; path = ShoesCategory.m; sourceTree = "<group>"; };
		B0E1BE721301F88B0044A2EF /* TFHppleElement+AccessChildren.h */ = {isa = PBXFileReference; fileEncoding = 4; lastKnownFileType = sourcecode.c.h; path = "TFHppleElement+AccessChildren.h"; sourceTree = "<group>"; };
		B0E1BE731301F88B0044A2EF /* TFHppleElement+AccessChildren.m */ = {isa = PBXFileReference; fileEncoding = 4; lastKnownFileType = sourcecode.c.objc; path = "TFHppleElement+AccessChildren.m"; sourceTree = "<group>"; };
		B0E5030C12F185C100C8978B /* NetworkTool.h */ = {isa = PBXFileReference; fileEncoding = 4; lastKnownFileType = sourcecode.c.h; path = NetworkTool.h; sourceTree = "<group>"; };
		B0E5030D12F185C100C8978B /* NetworkTool.m */ = {isa = PBXFileReference; fileEncoding = 4; lastKnownFileType = sourcecode.c.objc; path = NetworkTool.m; sourceTree = "<group>"; };
		B0E59BA0144E9F810084AED5 /* ShoppingCart.h */ = {isa = PBXFileReference; fileEncoding = 4; lastKnownFileType = sourcecode.c.h; path = ShoppingCart.h; sourceTree = "<group>"; };
		B0E59BA1144E9F810084AED5 /* ShoppingCart.m */ = {isa = PBXFileReference; fileEncoding = 4; lastKnownFileType = sourcecode.c.objc; path = ShoppingCart.m; sourceTree = "<group>"; };
		B0EDFEF4144950DF0026EC99 /* BSPreviewScrollView+ReloadPages.h */ = {isa = PBXFileReference; fileEncoding = 4; lastKnownFileType = sourcecode.c.h; path = "BSPreviewScrollView+ReloadPages.h"; sourceTree = "<group>"; };
		B0EDFEF5144950DF0026EC99 /* BSPreviewScrollView+ReloadPages.m */ = {isa = PBXFileReference; fileEncoding = 4; lastKnownFileType = sourcecode.c.objc; path = "BSPreviewScrollView+ReloadPages.m"; sourceTree = "<group>"; };
		B0EE004A142D6FCC008A1131 /* ShoesListViewCell.h */ = {isa = PBXFileReference; fileEncoding = 4; lastKnownFileType = sourcecode.c.h; path = ShoesListViewCell.h; sourceTree = "<group>"; };
		B0EE004B142D6FCC008A1131 /* ShoesListViewCell.m */ = {isa = PBXFileReference; fileEncoding = 4; lastKnownFileType = sourcecode.c.objc; path = ShoesListViewCell.m; sourceTree = "<group>"; };
		B0F067C614560FB400659B05 /* ShoppingCartViewController.h */ = {isa = PBXFileReference; fileEncoding = 4; lastKnownFileType = sourcecode.c.h; path = ShoppingCartViewController.h; sourceTree = "<group>"; };
		B0F067C714560FB400659B05 /* ShoppingCartViewController.m */ = {isa = PBXFileReference; fileEncoding = 4; lastKnownFileType = sourcecode.c.objc; path = ShoppingCartViewController.m; sourceTree = "<group>"; };
		B0F067C814560FB400659B05 /* ShoppingCartViewController.xib */ = {isa = PBXFileReference; fileEncoding = 4; lastKnownFileType = file.xib; name = ShoppingCartViewController.xib; path = Classes/ShoppingCartViewController.xib; sourceTree = "<group>"; };
		B0F63C741426B52D0017CC02 /* HomeViewController.h */ = {isa = PBXFileReference; fileEncoding = 4; lastKnownFileType = sourcecode.c.h; path = HomeViewController.h; sourceTree = "<group>"; };
		B0F63C751426B52D0017CC02 /* HomeViewController.m */ = {isa = PBXFileReference; fileEncoding = 4; lastKnownFileType = sourcecode.c.objc; path = HomeViewController.m; sourceTree = "<group>"; };
/* End PBXFileReference section */

/* Begin PBXFrameworksBuildPhase section */
		1D60588F0D05DD3D006BFB54 /* Frameworks */ = {
			isa = PBXFrameworksBuildPhase;
			buildActionMask = 2147483647;
			files = (
				1D60589F0D05DD5A006BFB54 /* Foundation.framework in Frameworks */,
				1DF5F4E00D08C38300B7A737 /* UIKit.framework in Frameworks */,
				288765A50DF7441C002DB57D /* CoreGraphics.framework in Frameworks */,
				B029241D130DCC8B00A78DB1 /* QuartzCore.framework in Frameworks */,
				B03B057A1313463600A39685 /* SystemConfiguration.framework in Frameworks */,
			);
			runOnlyForDeploymentPostprocessing = 0;
		};
/* End PBXFrameworksBuildPhase section */

/* Begin PBXGroup section */
		080E96DDFE201D6D7F000001 /* Classes */ = {
			isa = PBXGroup;
			children = (
				B0B8B76B12F76C1900446CCC /* Config.h */,
				B0B8B79C12F7706600446CCC /* Debug.h */,
				B03B05A613134F0500A39685 /* Reachability.m */,
				B03B05A713134F0500A39685 /* Reachability.h */,
				B0E5030C12F185C100C8978B /* NetworkTool.h */,
				B0E5030D12F185C100C8978B /* NetworkTool.m */,
				B0B8B86E12F7EED600446CCC /* Shoes.h */,
				B0B8B86F12F7EED600446CCC /* Shoes.m */,
				B0E59BA0144E9F810084AED5 /* ShoppingCart.h */,
				B0E59BA1144E9F810084AED5 /* ShoppingCart.m */,
				B0E1BC8B130095560044A2EF /* ShoesCategory.h */,
				B0E1BC8C130095560044A2EF /* ShoesCategory.m */,
				0A749E4C143AE38B0072DA35 /* ShoesCategoryDict.h */,
				0A749E4D143AE38C0072DA35 /* ShoesCategoryDict.m */,
				1D3623240D0F684500981E51 /* MyShoesAppDelegate.h */,
				1D3623250D0F684500981E51 /* MyShoesAppDelegate.m */,
				B0E1BE721301F88B0044A2EF /* TFHppleElement+AccessChildren.h */,
				B0E1BE731301F88B0044A2EF /* TFHppleElement+AccessChildren.m */,
				B0292543130E2CF600A78DB1 /* NSMutableArray+QueueAdditions.h */,
				B0292544130E2CF700A78DB1 /* NSMutableArray+QueueAdditions.m */,
				B0F63C741426B52D0017CC02 /* HomeViewController.h */,
				B0F63C751426B52D0017CC02 /* HomeViewController.m */,
				B02ADE5A142941330074543C /* HomeViewBtnCell.h */,
				B02ADE5B142941340074543C /* HomeViewBtnCell.m */,
				B0C4BE0C142C3CB600070F39 /* ShoesCategoryViewController.h */,
				B0C4BE0D142C3CB600070F39 /* ShoesCategoryViewController.m */,
				0A749E48143ACD450072DA35 /* ShoesSecondaryCategoryViewController.h */,
				0A749E49143ACD450072DA35 /* ShoesSecondaryCategoryViewController.m */,
				28D7ACF60DDB3853001CB0EB /* ShoesListViewController.h */,
				28D7ACF70DDB3853001CB0EB /* ShoesListViewController.m */,
				0AABC33C1432C80D009A7FE1 /* LoadMoreSearchResultsTableViewCell.h */,
				0AABC33D1432C80D009A7FE1 /* LoadMoreSearchResultsTableViewCell.m */,
				B0EE004A142D6FCC008A1131 /* ShoesListViewCell.h */,
				B0EE004B142D6FCC008A1131 /* ShoesListViewCell.m */,
				B0ADDBFF1316FEEE00B34625 /* ShoesDetailViewController.h */,
				B0ADDC001316FEEE00B34625 /* ShoesDetailViewController.m */,
				B0F067C614560FB400659B05 /* ShoppingCartViewController.h */,
				B0F067C714560FB400659B05 /* ShoppingCartViewController.m */,
				B09C9F12146E0F0B0074CE8B /* ShoppingCartViewCell.h */,
				B09C9F13146E0F0B0074CE8B /* ShoppingCartViewCell.m */,
				B0EDFEF4144950DF0026EC99 /* BSPreviewScrollView+ReloadPages.h */,
				B0EDFEF5144950DF0026EC99 /* BSPreviewScrollView+ReloadPages.m */,
				B08F88FA14653298000EE234 /* SettingViewController.h */,
				B08F88FB14653298000EE234 /* SettingViewController.m */,
				B08F890014654362000EE234 /* MyAccountViewController.h */,
				B08F890114654362000EE234 /* MyAccountViewController.m */,
				B08F8905146545E2000EE234 /* LoginViewController.h */,
				B08F8906146545E2000EE234 /* LoginViewController.m */,
				B08768D51466163000CC9DB8 /* SearchViewController.h */,
				B08768D61466163000CC9DB8 /* SearchViewController.m */,
			);
			path = Classes;
			sourceTree = "<group>";
		};
		0A90AA1A145E07CE00BC5224 /* HJCache */ = {
			isa = PBXGroup;
			children = (
				0A90AA1C145E080C00BC5224 /* HJCircularBuffer.h */,
				0A90AA1D145E080C00BC5224 /* HJCircularBuffer.m */,
				0A90AA1E145E080C00BC5224 /* HJManagedImageV.h */,
				0A90AA1F145E080C00BC5224 /* HJManagedImageV.m */,
				0A90AA20145E080C00BC5224 /* HJManagedImageVDelegate.h */,
				0A90AA21145E080C00BC5224 /* HJMOBigFileCache.h */,
				0A90AA22145E080C00BC5224 /* HJMOBigFileCache.m */,
				0A90AA23145E080C00BC5224 /* HJMOFileCache.h */,
				0A90AA24145E080C00BC5224 /* HJMOFileCache.m */,
				0A90AA25145E080C00BC5224 /* HJMOHandler.h */,
				0A90AA26145E080C00BC5224 /* HJMOHandler.m */,
				0A90AA27145E080C00BC5224 /* HJMOPolicy.h */,
				0A90AA28145E080C00BC5224 /* HJMOPolicy.m */,
				0A90AA29145E080C00BC5224 /* HJMOUser.h */,
				0A90AA2A145E080C00BC5224 /* HJMOUserBase.h */,
				0A90AA2B145E080C00BC5224 /* HJMOUserBase.m */,
				0A90AA2C145E080C00BC5224 /* HJObjManager.h */,
				0A90AA2D145E080C00BC5224 /* HJObjManager.m */,
				0A90AA2E145E080C00BC5224 /* HJWeakMutableArray.h */,
				0A90AA2F145E080C00BC5224 /* HJWeakMutableArray.m */,
			);
			name = HJCache;
			sourceTree = "<group>";
		};
		19C28FACFE9D520D11CA2CBB /* Products */ = {
			isa = PBXGroup;
			children = (
				1D6058910D05DD3D006BFB54 /* MyShoes.app */,
			);
			name = Products;
			sourceTree = "<group>";
		};
		29B97314FDCFA39411CA2CEA /* CustomTemplate */ = {
			isa = PBXGroup;
			children = (
				B0A203C4145FCCB700E5AF97 /* customNavigationController */,
				0A90AA1A145E07CE00BC5224 /* HJCache */,
				B0F798AB1447FCDA004EF0E9 /* BSPreviewScrollView */,
				B0F798A41447FC64004EF0E9 /* MBProgressHUD */,
				B092F8CE1307DB0C007855C5 /* OrderedDictionary */,
				B0B8B7DC12F7917A00446CCC /* hpple */,
				080E96DDFE201D6D7F000001 /* Classes */,
				29B97315FDCFA39411CA2CEA /* Other Sources */,
				29B97317FDCFA39411CA2CEA /* Resources */,
				29B97323FDCFA39411CA2CEA /* Frameworks */,
				19C28FACFE9D520D11CA2CBB /* Products */,
			);
			name = CustomTemplate;
			sourceTree = "<group>";
		};
		29B97315FDCFA39411CA2CEA /* Other Sources */ = {
			isa = PBXGroup;
			children = (
				32CA4F630368D1EE00C91783 /* MyShoes_Prefix.pch */,
				29B97316FDCFA39411CA2CEA /* main.m */,
			);
			name = "Other Sources";
			sourceTree = "<group>";
		};
		29B97317FDCFA39411CA2CEA /* Resources */ = {
			isa = PBXGroup;
			children = (
				B0F63C641426AA2E0017CC02 /* images */,
				28AD733E0D9D9553002E5188 /* MainWindow.xib */,
				B0C4BE0E142C3CB600070F39 /* ShoesCategoryViewController.xib */,
				B0ADDC011316FEEE00B34625 /* ShoesDetailViewController.xib */,
				B0F067C814560FB400659B05 /* ShoppingCartViewController.xib */,
				8D1107310486CEB800E47090 /* MyShoes-Info.plist */,
				B09F2046145A7C6200B5F70D /* HomeViewBtnCell.xib */,
				B09F2047145A7C6200B5F70D /* HomeViewController.xib */,
				B09F2048145A7C6200B5F70D /* ShoesListViewController.xib */,
				B09F2049145A7C6200B5F70D /* ShoesSecondaryCategoryViewController.xib */,
				B08F88FD146532C0000EE234 /* SettingViewController.xib */,
				B08F89031465437F000EE234 /* MyAccountViewController.xib */,
				B08F8908146545FD000EE234 /* LoginViewController.xib */,
				B08768D81466164B00CC9DB8 /* SearchViewController.xib */,
			);
			name = Resources;
			sourceTree = "<group>";
		};
		29B97323FDCFA39411CA2CEA /* Frameworks */ = {
			isa = PBXGroup;
			children = (
				1DF5F4DF0D08C38300B7A737 /* UIKit.framework */,
				1D30AB110D05D00D00671497 /* Foundation.framework */,
				288765A40DF7441C002DB57D /* CoreGraphics.framework */,
				B029241C130DCC8B00A78DB1 /* QuartzCore.framework */,
				B03B05791313463600A39685 /* SystemConfiguration.framework */,
			);
			name = Frameworks;
			sourceTree = "<group>";
		};
		B092F8CE1307DB0C007855C5 /* OrderedDictionary */ = {
			isa = PBXGroup;
			children = (
				B09F2031145A7C2000B5F70D /* OrderedDictionary.h */,
				B09F2032145A7C2000B5F70D /* OrderedDictionary.m */,
			);
			name = OrderedDictionary;
			sourceTree = "<group>";
		};
		B0A203C4145FCCB700E5AF97 /* customNavigationController */ = {
			isa = PBXGroup;
			children = (
				B0A203C5145FCCEE00E5AF97 /* CustomNavigationController.h */,
				B0A203C6145FCCEE00E5AF97 /* CustomNavigationController.m */,
			);
			name = customNavigationController;
			sourceTree = "<group>";
		};
		B0B8B7DC12F7917A00446CCC /* hpple */ = {
			isa = PBXGroup;
			children = (
				B0B8B7DD12F7917A00446CCC /* TFHpple.h */,
				B0B8B7DE12F7917A00446CCC /* TFHpple.m */,
				B0B8B7DF12F7917A00446CCC /* TFHppleElement.h */,
				B0B8B7E012F7917A00446CCC /* TFHppleElement.m */,
				B0B8B7E112F7917A00446CCC /* XPathQuery.h */,
				B0B8B7E212F7917A00446CCC /* XPathQuery.m */,
			);
			name = hpple;
			path = Classes/hpple;
			sourceTree = "<group>";
		};
		B0F63C641426AA2E0017CC02 /* images */ = {
			isa = PBXGroup;
			children = (
				B0916F1014651270008DC176 /* account.png */,
				B0916F1114651270008DC176 /* setting.png */,
				B09F2034145A7C4B00B5F70D /* background.png */,
				B09F2035145A7C4B00B5F70D /* category.png */,
				B09F2036145A7C4B00B5F70D /* home.png */,
				B09F2037145A7C4B00B5F70D /* Icon.png */,
				B09F2038145A7C4B00B5F70D /* red_button.png */,
				B09F2039145A7C4B00B5F70D /* sale.png */,
				B09F203A145A7C4B00B5F70D /* search.png */,
				B09F203B145A7C4B00B5F70D /* settings.png */,
				B09F203C145A7C4B00B5F70D /* shopping_cart-32.png */,
			);
			name = images;
			sourceTree = "<group>";
		};
		B0F798A41447FC64004EF0E9 /* MBProgressHUD */ = {
			isa = PBXGroup;
			children = (
				B09F202A145A79E200B5F70D /* MBProgressHUD.h */,
				B09F202B145A79E200B5F70D /* MBProgressHUD.m */,
				B09F202C145A79E200B5F70D /* TapImage.h */,
				B09F202D145A79E200B5F70D /* TapImage.m */,
			);
			name = MBProgressHUD;
			sourceTree = "<group>";
		};
		B0F798AB1447FCDA004EF0E9 /* BSPreviewScrollView */ = {
			isa = PBXGroup;
			children = (
				B09F2027145A777900B5F70D /* BSPreviewScrollView.h */,
				B09F2028145A777900B5F70D /* BSPreviewScrollView.m */,
			);
			name = BSPreviewScrollView;
			sourceTree = "<group>";
		};
/* End PBXGroup section */

/* Begin PBXNativeTarget section */
		1D6058900D05DD3D006BFB54 /* MyShoes */ = {
			isa = PBXNativeTarget;
			buildConfigurationList = 1D6058960D05DD3E006BFB54 /* Build configuration list for PBXNativeTarget "MyShoes" */;
			buildPhases = (
				1D60588D0D05DD3D006BFB54 /* Resources */,
				1D60588E0D05DD3D006BFB54 /* Sources */,
				1D60588F0D05DD3D006BFB54 /* Frameworks */,
			);
			buildRules = (
			);
			dependencies = (
			);
			name = MyShoes;
			productName = MyShoes;
			productReference = 1D6058910D05DD3D006BFB54 /* MyShoes.app */;
			productType = "com.apple.product-type.application";
		};
/* End PBXNativeTarget section */

/* Begin PBXProject section */
		29B97313FDCFA39411CA2CEA /* Project object */ = {
			isa = PBXProject;
			attributes = {
				LastUpgradeCheck = 0420;
			};
			buildConfigurationList = C01FCF4E08A954540054247B /* Build configuration list for PBXProject "MyShoes" */;
			compatibilityVersion = "Xcode 3.2";
			developmentRegion = English;
			hasScannedForEncodings = 1;
			knownRegions = (
				English,
				Japanese,
				French,
				German,
			);
			mainGroup = 29B97314FDCFA39411CA2CEA /* CustomTemplate */;
			projectDirPath = "";
			projectRoot = "";
			targets = (
				1D6058900D05DD3D006BFB54 /* MyShoes */,
			);
		};
/* End PBXProject section */

/* Begin PBXResourcesBuildPhase section */
		1D60588D0D05DD3D006BFB54 /* Resources */ = {
			isa = PBXResourcesBuildPhase;
			buildActionMask = 2147483647;
			files = (
				28AD733F0D9D9553002E5188 /* MainWindow.xib in Resources */,
				B0ADDC031316FEEE00B34625 /* ShoesDetailViewController.xib in Resources */,
				B0C4BE10142C3CB600070F39 /* ShoesCategoryViewController.xib in Resources */,
				B0F067CA14560FB400659B05 /* ShoppingCartViewController.xib in Resources */,
				B09F203D145A7C4B00B5F70D /* background.png in Resources */,
				B09F203E145A7C4B00B5F70D /* category.png in Resources */,
				B09F203F145A7C4B00B5F70D /* home.png in Resources */,
				B09F2040145A7C4B00B5F70D /* Icon.png in Resources */,
				B09F2041145A7C4B00B5F70D /* red_button.png in Resources */,
				B09F2042145A7C4B00B5F70D /* sale.png in Resources */,
				B09F2043145A7C4B00B5F70D /* search.png in Resources */,
				B09F2044145A7C4B00B5F70D /* settings.png in Resources */,
				B09F2045145A7C4B00B5F70D /* shopping_cart-32.png in Resources */,
				B09F204A145A7C6200B5F70D /* HomeViewBtnCell.xib in Resources */,
				B09F204B145A7C6200B5F70D /* HomeViewController.xib in Resources */,
				B09F204C145A7C6200B5F70D /* ShoesListViewController.xib in Resources */,
				B09F204D145A7C6200B5F70D /* ShoesSecondaryCategoryViewController.xib in Resources */,
				B0916F1214651270008DC176 /* account.png in Resources */,
				B0916F1314651270008DC176 /* setting.png in Resources */,
				B08F88FE146532C0000EE234 /* SettingViewController.xib in Resources */,
				B08F89041465437F000EE234 /* MyAccountViewController.xib in Resources */,
				B08F8909146545FD000EE234 /* LoginViewController.xib in Resources */,
				B08768D91466164B00CC9DB8 /* SearchViewController.xib in Resources */,
			);
			runOnlyForDeploymentPostprocessing = 0;
		};
/* End PBXResourcesBuildPhase section */

/* Begin PBXSourcesBuildPhase section */
		1D60588E0D05DD3D006BFB54 /* Sources */ = {
			isa = PBXSourcesBuildPhase;
			buildActionMask = 2147483647;
			files = (
				1D60589B0D05DD56006BFB54 /* main.m in Sources */,
				1D3623260D0F684500981E51 /* MyShoesAppDelegate.m in Sources */,
				28D7ACF80DDB3853001CB0EB /* ShoesListViewController.m in Sources */,
				B0E5030E12F185C100C8978B /* NetworkTool.m in Sources */,
				B0B8B7E312F7917A00446CCC /* TFHpple.m in Sources */,
				B0B8B7E412F7917A00446CCC /* TFHppleElement.m in Sources */,
				B0B8B7E512F7917A00446CCC /* XPathQuery.m in Sources */,
				B0B8B87012F7EED600446CCC /* Shoes.m in Sources */,
				B0E1BC8D130095560044A2EF /* ShoesCategory.m in Sources */,
				B0E1BE741301F88B0044A2EF /* TFHppleElement+AccessChildren.m in Sources */,
				B0292545130E2CF700A78DB1 /* NSMutableArray+QueueAdditions.m in Sources */,
				B03B05A813134F0500A39685 /* Reachability.m in Sources */,
				B0ADDC021316FEEE00B34625 /* ShoesDetailViewController.m in Sources */,
				B0F63C771426B52D0017CC02 /* HomeViewController.m in Sources */,
				B02ADE5C142941340074543C /* HomeViewBtnCell.m in Sources */,
				B0C4BE0F142C3CB600070F39 /* ShoesCategoryViewController.m in Sources */,
				B0EE004D142D6FCC008A1131 /* ShoesListViewCell.m in Sources */,
				0AABC33E1432C80E009A7FE1 /* LoadMoreSearchResultsTableViewCell.m in Sources */,
				0A749E4A143ACD450072DA35 /* ShoesSecondaryCategoryViewController.m in Sources */,
				0A749E4E143AE38C0072DA35 /* ShoesCategoryDict.m in Sources */,
				B0EDFEF6144950DF0026EC99 /* BSPreviewScrollView+ReloadPages.m in Sources */,
				B0E59BA2144E9F810084AED5 /* ShoppingCart.m in Sources */,
				B0F067C914560FB400659B05 /* ShoppingCartViewController.m in Sources */,
				B09F2029145A777900B5F70D /* BSPreviewScrollView.m in Sources */,
				B09F202E145A79E200B5F70D /* MBProgressHUD.m in Sources */,
				B09F202F145A79E200B5F70D /* TapImage.m in Sources */,
				B09F2033145A7C2000B5F70D /* OrderedDictionary.m in Sources */,
				0A90AA30145E080C00BC5224 /* HJCircularBuffer.m in Sources */,
				0A90AA31145E080C00BC5224 /* HJManagedImageV.m in Sources */,
				0A90AA32145E080C00BC5224 /* HJMOBigFileCache.m in Sources */,
				0A90AA33145E080C00BC5224 /* HJMOFileCache.m in Sources */,
				0A90AA34145E080C00BC5224 /* HJMOHandler.m in Sources */,
				0A90AA35145E080C00BC5224 /* HJMOPolicy.m in Sources */,
				0A90AA36145E080C00BC5224 /* HJMOUserBase.m in Sources */,
				0A90AA37145E080C00BC5224 /* HJObjManager.m in Sources */,
				0A90AA38145E080C00BC5224 /* HJWeakMutableArray.m in Sources */,
				B0A203C7145FCCEE00E5AF97 /* CustomNavigationController.m in Sources */,
				B08F88FC14653298000EE234 /* SettingViewController.m in Sources */,
				B08F890214654362000EE234 /* MyAccountViewController.m in Sources */,
				B08F8907146545E2000EE234 /* LoginViewController.m in Sources */,
				B08768D71466163000CC9DB8 /* SearchViewController.m in Sources */,
				B09C9F14146E0F0B0074CE8B /* ShoppingCartViewCell.m in Sources */,
			);
			runOnlyForDeploymentPostprocessing = 0;
		};
/* End PBXSourcesBuildPhase section */

/* Begin XCBuildConfiguration section */
		1D6058940D05DD3E006BFB54 /* Debug */ = {
			isa = XCBuildConfiguration;
			buildSettings = {
				ALWAYS_SEARCH_USER_PATHS = NO;
				COPY_PHASE_STRIP = NO;
				GCC_DYNAMIC_NO_PIC = NO;
				GCC_OPTIMIZATION_LEVEL = 0;
				GCC_PRECOMPILE_PREFIX_HEADER = YES;
				GCC_PREFIX_HEADER = MyShoes_Prefix.pch;
				INFOPLIST_FILE = "MyShoes-Info.plist";
				PRODUCT_NAME = MyShoes;
			};
			name = Debug;
		};
		1D6058950D05DD3E006BFB54 /* Release */ = {
			isa = XCBuildConfiguration;
			buildSettings = {
				ALWAYS_SEARCH_USER_PATHS = NO;
				COPY_PHASE_STRIP = YES;
				GCC_PRECOMPILE_PREFIX_HEADER = YES;
				GCC_PREFIX_HEADER = MyShoes_Prefix.pch;
				INFOPLIST_FILE = "MyShoes-Info.plist";
				PRODUCT_NAME = MyShoes;
				VALIDATE_PRODUCT = YES;
			};
			name = Release;
		};
		C01FCF4F08A954540054247B /* Debug */ = {
			isa = XCBuildConfiguration;
			buildSettings = {
				ARCHS = "$(ARCHS_STANDARD_32_BIT)";
				"CODE_SIGN_IDENTITY[sdk=iphoneos*]" = "iPhone Developer: Qi Wang (2ZTPN43Z5Y)";
				GCC_C_LANGUAGE_STANDARD = gnu99;
				GCC_WARN_ABOUT_RETURN_TYPE = YES;
				GCC_WARN_UNUSED_VARIABLE = YES;
				HEADER_SEARCH_PATHS = "${SDKROOT}/usr/include/libxml2/**";
				OTHER_LDFLAGS = "-lxml2";
				"PROVISIONING_PROFILE[sdk=iphoneos*]" = "0E31CE08-4CCA-48C2-81FD-3E209C129980";
				SDKROOT = iphoneos;
				TARGETED_DEVICE_FAMILY = "1,2";
			};
			name = Debug;
		};
		C01FCF5008A954540054247B /* Release */ = {
			isa = XCBuildConfiguration;
			buildSettings = {
				ARCHS = "$(ARCHS_STANDARD_32_BIT)";
				"CODE_SIGN_IDENTITY[sdk=iphoneos*]" = "iPhone Developer: Qi Wang (2ZTPN43Z5Y)";
				GCC_C_LANGUAGE_STANDARD = gnu99;
				GCC_WARN_ABOUT_RETURN_TYPE = YES;
				GCC_WARN_UNUSED_VARIABLE = YES;
				HEADER_SEARCH_PATHS = "${SDKROOT}/usr/include/libxml2/**";
				OTHER_CFLAGS = "-DNS_BLOCK_ASSERTIONS=1";
				OTHER_LDFLAGS = "-lxml2";
				"PROVISIONING_PROFILE[sdk=iphoneos*]" = "0E31CE08-4CCA-48C2-81FD-3E209C129980";
				SDKROOT = iphoneos;
				SYMROOT = /Users/denny/projects/output/MyShoes;
				TARGETED_DEVICE_FAMILY = "1,2";
			};
			name = Release;
		};
/* End XCBuildConfiguration section */

/* Begin XCConfigurationList section */
		1D6058960D05DD3E006BFB54 /* Build configuration list for PBXNativeTarget "MyShoes" */ = {
			isa = XCConfigurationList;
			buildConfigurations = (
				1D6058940D05DD3E006BFB54 /* Debug */,
				1D6058950D05DD3E006BFB54 /* Release */,
			);
			defaultConfigurationIsVisible = 0;
			defaultConfigurationName = Release;
		};
		C01FCF4E08A954540054247B /* Build configuration list for PBXProject "MyShoes" */ = {
			isa = XCConfigurationList;
			buildConfigurations = (
				C01FCF4F08A954540054247B /* Debug */,
				C01FCF5008A954540054247B /* Release */,
			);
			defaultConfigurationIsVisible = 0;
			defaultConfigurationName = Release;
		};
/* End XCConfigurationList section */
	};
	rootObject = 29B97313FDCFA39411CA2CEA /* Project object */;
}
