// !$*UTF8*$!
{
	archiveVersion = 1;
	classes = {
	};
	objectVersion = 45;
	objects = {

/* Begin PBXBuildFile section */
		1D3623260D0F684500981E51 /* MyShoesAppDelegate.m in Sources */ = {isa = PBXBuildFile; fileRef = 1D3623250D0F684500981E51 /* MyShoesAppDelegate.m */; };
		1D60589B0D05DD56006BFB54 /* main.m in Sources */ = {isa = PBXBuildFile; fileRef = 29B97316FDCFA39411CA2CEA /* main.m */; };
		1D60589F0D05DD5A006BFB54 /* Foundation.framework in Frameworks */ = {isa = PBXBuildFile; fileRef = 1D30AB110D05D00D00671497 /* Foundation.framework */; };
		1DF5F4E00D08C38300B7A737 /* UIKit.framework in Frameworks */ = {isa = PBXBuildFile; fileRef = 1DF5F4DF0D08C38300B7A737 /* UIKit.framework */; };
		288765A50DF7441C002DB57D /* CoreGraphics.framework in Frameworks */ = {isa = PBXBuildFile; fileRef = 288765A40DF7441C002DB57D /* CoreGraphics.framework */; };
		28AD733F0D9D9553002E5188 /* MainWindow.xib in Resources */ = {isa = PBXBuildFile; fileRef = 28AD733E0D9D9553002E5188 /* MainWindow.xib */; };
		28D7ACF80DDB3853001CB0EB /* ShoesListViewController.m in Sources */ = {isa = PBXBuildFile; fileRef = 28D7ACF70DDB3853001CB0EB /* ShoesListViewController.m */; };
		B029241D130DCC8B00A78DB1 /* QuartzCore.framework in Frameworks */ = {isa = PBXBuildFile; fileRef = B029241C130DCC8B00A78DB1 /* QuartzCore.framework */; };
		B0292545130E2CF700A78DB1 /* NSMutableArray+QueueAdditions.m in Sources */ = {isa = PBXBuildFile; fileRef = B0292544130E2CF700A78DB1 /* NSMutableArray+QueueAdditions.m */; };
		B02ADE5C142941340074543C /* HomeViewBtnCell.m in Sources */ = {isa = PBXBuildFile; fileRef = B02ADE5B142941340074543C /* HomeViewBtnCell.m */; };
		B02ADE6614294AEE0074543C /* HomeViewController.xib in Resources */ = {isa = PBXBuildFile; fileRef = B02ADE6514294AEE0074543C /* HomeViewController.xib */; };
		B03B057A1313463600A39685 /* SystemConfiguration.framework in Frameworks */ = {isa = PBXBuildFile; fileRef = B03B05791313463600A39685 /* SystemConfiguration.framework */; };
		B03B05A813134F0500A39685 /* Reachability.m in Sources */ = {isa = PBXBuildFile; fileRef = B03B05A613134F0500A39685 /* Reachability.m */; };
		B073A2FD1429BC8F00C30091 /* sale.png in Resources */ = {isa = PBXBuildFile; fileRef = B073A2FB1429BC8F00C30091 /* sale.png */; };
		B073A2FE1429BC8F00C30091 /* category.png in Resources */ = {isa = PBXBuildFile; fileRef = B073A2FC1429BC8F00C30091 /* category.png */; };
		B092F8D11307DB39007855C5 /* OrderedDictionary.m in Sources */ = {isa = PBXBuildFile; fileRef = B092F8CF1307DB39007855C5 /* OrderedDictionary.m */; };
		B092FABF1309CEFC007855C5 /* SlideImageView.m in Sources */ = {isa = PBXBuildFile; fileRef = B092FABE1309CEFC007855C5 /* SlideImageView.m */; };
		B0ADDC021316FEEE00B34625 /* ShoesDetailViewController.m in Sources */ = {isa = PBXBuildFile; fileRef = B0ADDC001316FEEE00B34625 /* ShoesDetailViewController.m */; };
		B0ADDC031316FEEE00B34625 /* ShoesDetailViewController.xib in Resources */ = {isa = PBXBuildFile; fileRef = B0ADDC011316FEEE00B34625 /* ShoesDetailViewController.xib */; };
		B0B8B7E312F7917A00446CCC /* TFHpple.m in Sources */ = {isa = PBXBuildFile; fileRef = B0B8B7DE12F7917A00446CCC /* TFHpple.m */; };
		B0B8B7E412F7917A00446CCC /* TFHppleElement.m in Sources */ = {isa = PBXBuildFile; fileRef = B0B8B7E012F7917A00446CCC /* TFHppleElement.m */; };
		B0B8B7E512F7917A00446CCC /* XPathQuery.m in Sources */ = {isa = PBXBuildFile; fileRef = B0B8B7E212F7917A00446CCC /* XPathQuery.m */; };
		B0B8B87012F7EED600446CCC /* Shoes.m in Sources */ = {isa = PBXBuildFile; fileRef = B0B8B86F12F7EED600446CCC /* Shoes.m */; };
		B0B8B95E12FA8F7600446CCC /* SlideMenuView.m in Sources */ = {isa = PBXBuildFile; fileRef = B0B8B95C12FA8F7600446CCC /* SlideMenuView.m */; };
		B0C4BE0F142C3CB600070F39 /* ShoesCategoryViewController.m in Sources */ = {isa = PBXBuildFile; fileRef = B0C4BE0D142C3CB600070F39 /* ShoesCategoryViewController.m */; };
		B0C4BE10142C3CB600070F39 /* ShoesCategoryViewController.xib in Resources */ = {isa = PBXBuildFile; fileRef = B0C4BE0E142C3CB600070F39 /* ShoesCategoryViewController.xib */; };
		B0E1BA8E12FF58FE0044A2EF /* SlideMenuViewController.m in Sources */ = {isa = PBXBuildFile; fileRef = B0E1BA8D12FF58FE0044A2EF /* SlideMenuViewController.m */; };
		B0E1BC8D130095560044A2EF /* ShoesCategory.m in Sources */ = {isa = PBXBuildFile; fileRef = B0E1BC8C130095560044A2EF /* ShoesCategory.m */; };
		B0E1BE741301F88B0044A2EF /* TFHppleElement+AccessChildren.m in Sources */ = {isa = PBXBuildFile; fileRef = B0E1BE731301F88B0044A2EF /* TFHppleElement+AccessChildren.m */; };
		B0E5030E12F185C100C8978B /* NetworkTool.m in Sources */ = {isa = PBXBuildFile; fileRef = B0E5030D12F185C100C8978B /* NetworkTool.m */; };
		B0EE004D142D6FCC008A1131 /* ShoesListViewCell.m in Sources */ = {isa = PBXBuildFile; fileRef = B0EE004B142D6FCC008A1131 /* ShoesListViewCell.m */; };
		B0EE0050142DB571008A1131 /* ShoesListViewController.xib in Resources */ = {isa = PBXBuildFile; fileRef = B0EE004F142DB570008A1131 /* ShoesListViewController.xib */; };
		B0EE6B811391D3D30023FD4A /* ShoesTableView.m in Sources */ = {isa = PBXBuildFile; fileRef = B0EE6B801391D3D30023FD4A /* ShoesTableView.m */; };
		B0EE6B861391D95C0023FD4A /* ShoesDataSource.m in Sources */ = {isa = PBXBuildFile; fileRef = B0EE6B831391D95C0023FD4A /* ShoesDataSource.m */; };
		B0EE6B891391E1C50023FD4A /* ShoesTableViewCell.m in Sources */ = {isa = PBXBuildFile; fileRef = B0EE6B871391E1C40023FD4A /* ShoesTableViewCell.m */; };
		B0F63C671426AA4F0017CC02 /* home.png in Resources */ = {isa = PBXBuildFile; fileRef = B0F63C651426AA4F0017CC02 /* home.png */; };
		B0F63C681426AA4F0017CC02 /* settings.png in Resources */ = {isa = PBXBuildFile; fileRef = B0F63C661426AA4F0017CC02 /* settings.png */; };
		B0F63C6A1426B13E0017CC02 /* Icon.png in Resources */ = {isa = PBXBuildFile; fileRef = B0F63C691426B13E0017CC02 /* Icon.png */; };
		B0F63C6E1426B22B0017CC02 /* search.png in Resources */ = {isa = PBXBuildFile; fileRef = B0F63C6D1426B22B0017CC02 /* search.png */; };
		B0F63C771426B52D0017CC02 /* HomeViewController.m in Sources */ = {isa = PBXBuildFile; fileRef = B0F63C751426B52D0017CC02 /* HomeViewController.m */; };
		B0F63C781426B52D0017CC02 /* HomeViewBtnCell.xib in Resources */ = {isa = PBXBuildFile; fileRef = B0F63C761426B52D0017CC02 /* HomeViewBtnCell.xib */; };
		B0F63C7A1426BC8F0017CC02 /* background.png in Resources */ = {isa = PBXBuildFile; fileRef = B0F63C791426BC8F0017CC02 /* background.png */; };
/* End PBXBuildFile section */

/* Begin PBXFileReference section */
		1D30AB110D05D00D00671497 /* Foundation.framework */ = {isa = PBXFileReference; lastKnownFileType = wrapper.framework; name = Foundation.framework; path = System/Library/Frameworks/Foundation.framework; sourceTree = SDKROOT; };
		1D3623240D0F684500981E51 /* MyShoesAppDelegate.h */ = {isa = PBXFileReference; fileEncoding = 4; lastKnownFileType = sourcecode.c.h; path = MyShoesAppDelegate.h; sourceTree = "<group>"; };
		1D3623250D0F684500981E51 /* MyShoesAppDelegate.m */ = {isa = PBXFileReference; fileEncoding = 4; lastKnownFileType = sourcecode.c.objc; path = MyShoesAppDelegate.m; sourceTree = "<group>"; };
		1D6058910D05DD3D006BFB54 /* MyShoes.app */ = {isa = PBXFileReference; explicitFileType = wrapper.application; includeInIndex = 0; path = MyShoes.app; sourceTree = BUILT_PRODUCTS_DIR; };
		1DF5F4DF0D08C38300B7A737 /* UIKit.framework */ = {isa = PBXFileReference; lastKnownFileType = wrapper.framework; name = UIKit.framework; path = System/Library/Frameworks/UIKit.framework; sourceTree = SDKROOT; };
		288765A40DF7441C002DB57D /* CoreGraphics.framework */ = {isa = PBXFileReference; lastKnownFileType = wrapper.framework; name = CoreGraphics.framework; path = System/Library/Frameworks/CoreGraphics.framework; sourceTree = SDKROOT; };
		28AD733E0D9D9553002E5188 /* MainWindow.xib */ = {isa = PBXFileReference; lastKnownFileType = file.xib; path = MainWindow.xib; sourceTree = "<group>"; };
		28D7ACF60DDB3853001CB0EB /* ShoesListViewController.h */ = {isa = PBXFileReference; fileEncoding = 4; lastKnownFileType = sourcecode.c.h; path = ShoesListViewController.h; sourceTree = "<group>"; };
		28D7ACF70DDB3853001CB0EB /* ShoesListViewController.m */ = {isa = PBXFileReference; fileEncoding = 4; lastKnownFileType = sourcecode.c.objc; path = ShoesListViewController.m; sourceTree = "<group>"; };
		29B97316FDCFA39411CA2CEA /* main.m */ = {isa = PBXFileReference; fileEncoding = 4; lastKnownFileType = sourcecode.c.objc; path = main.m; sourceTree = "<group>"; };
		32CA4F630368D1EE00C91783 /* MyShoes_Prefix.pch */ = {isa = PBXFileReference; fileEncoding = 4; lastKnownFileType = sourcecode.c.h; path = MyShoes_Prefix.pch; sourceTree = "<group>"; };
		8D1107310486CEB800E47090 /* MyShoes-Info.plist */ = {isa = PBXFileReference; fileEncoding = 4; lastKnownFileType = text.plist.xml; path = "MyShoes-Info.plist"; plistStructureDefinitionIdentifier = "com.apple.xcode.plist.structure-definition.iphone.info-plist"; sourceTree = "<group>"; };
		B029241C130DCC8B00A78DB1 /* QuartzCore.framework */ = {isa = PBXFileReference; lastKnownFileType = wrapper.framework; name = QuartzCore.framework; path = System/Library/Frameworks/QuartzCore.framework; sourceTree = SDKROOT; };
		B0292543130E2CF600A78DB1 /* NSMutableArray+QueueAdditions.h */ = {isa = PBXFileReference; fileEncoding = 4; lastKnownFileType = sourcecode.c.h; path = "NSMutableArray+QueueAdditions.h"; sourceTree = "<group>"; };
		B0292544130E2CF700A78DB1 /* NSMutableArray+QueueAdditions.m */ = {isa = PBXFileReference; fileEncoding = 4; lastKnownFileType = sourcecode.c.objc; path = "NSMutableArray+QueueAdditions.m"; sourceTree = "<group>"; };
		B02ADE5A142941330074543C /* HomeViewBtnCell.h */ = {isa = PBXFileReference; fileEncoding = 4; lastKnownFileType = sourcecode.c.h; path = HomeViewBtnCell.h; sourceTree = "<group>"; };
		B02ADE5B142941340074543C /* HomeViewBtnCell.m */ = {isa = PBXFileReference; fileEncoding = 4; lastKnownFileType = sourcecode.c.objc; path = HomeViewBtnCell.m; sourceTree = "<group>"; };
		B02ADE6514294AEE0074543C /* HomeViewController.xib */ = {isa = PBXFileReference; fileEncoding = 4; lastKnownFileType = file.xib; path = HomeViewController.xib; sourceTree = "<group>"; };
		B03B05791313463600A39685 /* SystemConfiguration.framework */ = {isa = PBXFileReference; lastKnownFileType = wrapper.framework; name = SystemConfiguration.framework; path = System/Library/Frameworks/SystemConfiguration.framework; sourceTree = SDKROOT; };
		B03B05A613134F0500A39685 /* Reachability.m */ = {isa = PBXFileReference; fileEncoding = 4; lastKnownFileType = sourcecode.c.objc; path = Reachability.m; sourceTree = "<group>"; };
		B03B05A713134F0500A39685 /* Reachability.h */ = {isa = PBXFileReference; fileEncoding = 4; lastKnownFileType = sourcecode.c.h; path = Reachability.h; sourceTree = "<group>"; };
		B073A2FB1429BC8F00C30091 /* sale.png */ = {isa = PBXFileReference; lastKnownFileType = image.png; path = sale.png; sourceTree = "<group>"; };
		B073A2FC1429BC8F00C30091 /* category.png */ = {isa = PBXFileReference; lastKnownFileType = image.png; path = category.png; sourceTree = "<group>"; };
		B092F8CF1307DB39007855C5 /* OrderedDictionary.m */ = {isa = PBXFileReference; fileEncoding = 4; lastKnownFileType = sourcecode.c.objc; path = OrderedDictionary.m; sourceTree = "<group>"; };
		B092F8D01307DB39007855C5 /* OrderedDictionary.h */ = {isa = PBXFileReference; fileEncoding = 4; lastKnownFileType = sourcecode.c.h; path = OrderedDictionary.h; sourceTree = "<group>"; };
		B092FABD1309CEFC007855C5 /* SlideImageView.h */ = {isa = PBXFileReference; fileEncoding = 4; lastKnownFileType = sourcecode.c.h; path = SlideImageView.h; sourceTree = "<group>"; };
		B092FABE1309CEFC007855C5 /* SlideImageView.m */ = {isa = PBXFileReference; fileEncoding = 4; lastKnownFileType = sourcecode.c.objc; path = SlideImageView.m; sourceTree = "<group>"; };
		B0ADDBFF1316FEEE00B34625 /* ShoesDetailViewController.h */ = {isa = PBXFileReference; fileEncoding = 4; lastKnownFileType = sourcecode.c.h; path = ShoesDetailViewController.h; sourceTree = "<group>"; };
		B0ADDC001316FEEE00B34625 /* ShoesDetailViewController.m */ = {isa = PBXFileReference; fileEncoding = 4; lastKnownFileType = sourcecode.c.objc; path = ShoesDetailViewController.m; sourceTree = "<group>"; };
		B0ADDC011316FEEE00B34625 /* ShoesDetailViewController.xib */ = {isa = PBXFileReference; lastKnownFileType = file.xib; name = ShoesDetailViewController.xib; path = Classes/ShoesDetailViewController.xib; sourceTree = "<group>"; };
		B0B8B76B12F76C1900446CCC /* Config.h */ = {isa = PBXFileReference; fileEncoding = 4; lastKnownFileType = sourcecode.c.h; path = Config.h; sourceTree = "<group>"; };
		B0B8B79C12F7706600446CCC /* Debug.h */ = {isa = PBXFileReference; fileEncoding = 4; lastKnownFileType = sourcecode.c.h; path = Debug.h; sourceTree = "<group>"; };
		B0B8B7DD12F7917A00446CCC /* TFHpple.h */ = {isa = PBXFileReference; fileEncoding = 4; lastKnownFileType = sourcecode.c.h; path = TFHpple.h; sourceTree = "<group>"; };
		B0B8B7DE12F7917A00446CCC /* TFHpple.m */ = {isa = PBXFileReference; fileEncoding = 4; lastKnownFileType = sourcecode.c.objc; path = TFHpple.m; sourceTree = "<group>"; };
		B0B8B7DF12F7917A00446CCC /* TFHppleElement.h */ = {isa = PBXFileReference; fileEncoding = 4; lastKnownFileType = sourcecode.c.h; path = TFHppleElement.h; sourceTree = "<group>"; };
		B0B8B7E012F7917A00446CCC /* TFHppleElement.m */ = {isa = PBXFileReference; fileEncoding = 4; lastKnownFileType = sourcecode.c.objc; path = TFHppleElement.m; sourceTree = "<group>"; };
		B0B8B7E112F7917A00446CCC /* XPathQuery.h */ = {isa = PBXFileReference; fileEncoding = 4; lastKnownFileType = sourcecode.c.h; path = XPathQuery.h; sourceTree = "<group>"; };
		B0B8B7E212F7917A00446CCC /* XPathQuery.m */ = {isa = PBXFileReference; fileEncoding = 4; lastKnownFileType = sourcecode.c.objc; path = XPathQuery.m; sourceTree = "<group>"; };
		B0B8B86E12F7EED600446CCC /* Shoes.h */ = {isa = PBXFileReference; fileEncoding = 4; lastKnownFileType = sourcecode.c.h; path = Shoes.h; sourceTree = "<group>"; };
		B0B8B86F12F7EED600446CCC /* Shoes.m */ = {isa = PBXFileReference; fileEncoding = 4; lastKnownFileType = sourcecode.c.objc; path = Shoes.m; sourceTree = "<group>"; };
		B0B8B95C12FA8F7600446CCC /* SlideMenuView.m */ = {isa = PBXFileReference; fileEncoding = 4; lastKnownFileType = sourcecode.c.objc; path = SlideMenuView.m; sourceTree = "<group>"; };
		B0B8B95D12FA8F7600446CCC /* SlideMenuView.h */ = {isa = PBXFileReference; fileEncoding = 4; lastKnownFileType = sourcecode.c.h; path = SlideMenuView.h; sourceTree = "<group>"; };
		B0C4BE0C142C3CB600070F39 /* ShoesCategoryViewController.h */ = {isa = PBXFileReference; fileEncoding = 4; lastKnownFileType = sourcecode.c.h; path = ShoesCategoryViewController.h; sourceTree = "<group>"; };
		B0C4BE0D142C3CB600070F39 /* ShoesCategoryViewController.m */ = {isa = PBXFileReference; fileEncoding = 4; lastKnownFileType = sourcecode.c.objc; path = ShoesCategoryViewController.m; sourceTree = "<group>"; };
		B0C4BE0E142C3CB600070F39 /* ShoesCategoryViewController.xib */ = {isa = PBXFileReference; fileEncoding = 4; lastKnownFileType = file.xib; name = ShoesCategoryViewController.xib; path = Classes/ShoesCategoryViewController.xib; sourceTree = "<group>"; };
		B0E1BA8C12FF58FE0044A2EF /* SlideMenuViewController.h */ = {isa = PBXFileReference; fileEncoding = 4; lastKnownFileType = sourcecode.c.h; path = SlideMenuViewController.h; sourceTree = "<group>"; };
		B0E1BA8D12FF58FE0044A2EF /* SlideMenuViewController.m */ = {isa = PBXFileReference; fileEncoding = 4; lastKnownFileType = sourcecode.c.objc; path = SlideMenuViewController.m; sourceTree = "<group>"; };
		B0E1BC8B130095560044A2EF /* ShoesCategory.h */ = {isa = PBXFileReference; fileEncoding = 4; lastKnownFileType = sourcecode.c.h; path = ShoesCategory.h; sourceTree = "<group>"; };
		B0E1BC8C130095560044A2EF /* ShoesCategory.m */ = {isa = PBXFileReference; fileEncoding = 4; lastKnownFileType = sourcecode.c.objc; path = ShoesCategory.m; sourceTree = "<group>"; };
		B0E1BE721301F88B0044A2EF /* TFHppleElement+AccessChildren.h */ = {isa = PBXFileReference; fileEncoding = 4; lastKnownFileType = sourcecode.c.h; path = "TFHppleElement+AccessChildren.h"; sourceTree = "<group>"; };
		B0E1BE731301F88B0044A2EF /* TFHppleElement+AccessChildren.m */ = {isa = PBXFileReference; fileEncoding = 4; lastKnownFileType = sourcecode.c.objc; path = "TFHppleElement+AccessChildren.m"; sourceTree = "<group>"; };
		B0E5030C12F185C100C8978B /* NetworkTool.h */ = {isa = PBXFileReference; fileEncoding = 4; lastKnownFileType = sourcecode.c.h; path = NetworkTool.h; sourceTree = "<group>"; };
		B0E5030D12F185C100C8978B /* NetworkTool.m */ = {isa = PBXFileReference; fileEncoding = 4; lastKnownFileType = sourcecode.c.objc; path = NetworkTool.m; sourceTree = "<group>"; };
		B0EE004A142D6FCC008A1131 /* ShoesListViewCell.h */ = {isa = PBXFileReference; fileEncoding = 4; lastKnownFileType = sourcecode.c.h; path = ShoesListViewCell.h; sourceTree = "<group>"; };
		B0EE004B142D6FCC008A1131 /* ShoesListViewCell.m */ = {isa = PBXFileReference; fileEncoding = 4; lastKnownFileType = sourcecode.c.objc; path = ShoesListViewCell.m; sourceTree = "<group>"; };
		B0EE004F142DB570008A1131 /* ShoesListViewController.xib */ = {isa = PBXFileReference; fileEncoding = 4; lastKnownFileType = file.xib; path = ShoesListViewController.xib; sourceTree = "<group>"; };
		B0EE6B7F1391D3D30023FD4A /* ShoesTableView.h */ = {isa = PBXFileReference; fileEncoding = 4; lastKnownFileType = sourcecode.c.h; path = ShoesTableView.h; sourceTree = "<group>"; };
		B0EE6B801391D3D30023FD4A /* ShoesTableView.m */ = {isa = PBXFileReference; fileEncoding = 4; lastKnownFileType = sourcecode.c.objc; path = ShoesTableView.m; sourceTree = "<group>"; };
		B0EE6B831391D95C0023FD4A /* ShoesDataSource.m */ = {isa = PBXFileReference; fileEncoding = 4; lastKnownFileType = sourcecode.c.objc; name = ShoesDataSource.m; path = Classes/ShoesDataSource.m; sourceTree = "<group>"; };
		B0EE6B841391D95C0023FD4A /* ShoesDataSource.h */ = {isa = PBXFileReference; fileEncoding = 4; lastKnownFileType = sourcecode.c.h; name = ShoesDataSource.h; path = Classes/ShoesDataSource.h; sourceTree = "<group>"; };
		B0EE6B851391D95C0023FD4A /* ShoesDataSourceProtocol.h */ = {isa = PBXFileReference; fileEncoding = 4; lastKnownFileType = sourcecode.c.h; name = ShoesDataSourceProtocol.h; path = Classes/ShoesDataSourceProtocol.h; sourceTree = "<group>"; };
		B0EE6B871391E1C40023FD4A /* ShoesTableViewCell.m */ = {isa = PBXFileReference; fileEncoding = 4; lastKnownFileType = sourcecode.c.objc; path = ShoesTableViewCell.m; sourceTree = "<group>"; };
		B0EE6B881391E1C50023FD4A /* ShoesTableViewCell.h */ = {isa = PBXFileReference; fileEncoding = 4; lastKnownFileType = sourcecode.c.h; path = ShoesTableViewCell.h; sourceTree = "<group>"; };
		B0F63C651426AA4F0017CC02 /* home.png */ = {isa = PBXFileReference; lastKnownFileType = image.png; path = home.png; sourceTree = "<group>"; };
		B0F63C661426AA4F0017CC02 /* settings.png */ = {isa = PBXFileReference; lastKnownFileType = image.png; path = settings.png; sourceTree = "<group>"; };
		B0F63C691426B13E0017CC02 /* Icon.png */ = {isa = PBXFileReference; lastKnownFileType = image.png; path = Icon.png; sourceTree = "<group>"; };
		B0F63C6D1426B22B0017CC02 /* search.png */ = {isa = PBXFileReference; lastKnownFileType = image.png; path = search.png; sourceTree = "<group>"; };
		B0F63C741426B52D0017CC02 /* HomeViewController.h */ = {isa = PBXFileReference; fileEncoding = 4; lastKnownFileType = sourcecode.c.h; path = HomeViewController.h; sourceTree = "<group>"; };
		B0F63C751426B52D0017CC02 /* HomeViewController.m */ = {isa = PBXFileReference; fileEncoding = 4; lastKnownFileType = sourcecode.c.objc; path = HomeViewController.m; sourceTree = "<group>"; };
		B0F63C761426B52D0017CC02 /* HomeViewBtnCell.xib */ = {isa = PBXFileReference; fileEncoding = 4; lastKnownFileType = file.xib; path = HomeViewBtnCell.xib; sourceTree = "<group>"; };
		B0F63C791426BC8F0017CC02 /* background.png */ = {isa = PBXFileReference; lastKnownFileType = image.png; path = background.png; sourceTree = "<group>"; };
/* End PBXFileReference section */

/* Begin PBXFrameworksBuildPhase section */
		1D60588F0D05DD3D006BFB54 /* Frameworks */ = {
			isa = PBXFrameworksBuildPhase;
			buildActionMask = 2147483647;
			files = (
				1D60589F0D05DD5A006BFB54 /* Foundation.framework in Frameworks */,
				1DF5F4E00D08C38300B7A737 /* UIKit.framework in Frameworks */,
				288765A50DF7441C002DB57D /* CoreGraphics.framework in Frameworks */,
				B029241D130DCC8B00A78DB1 /* QuartzCore.framework in Frameworks */,
				B03B057A1313463600A39685 /* SystemConfiguration.framework in Frameworks */,
			);
			runOnlyForDeploymentPostprocessing = 0;
		};
/* End PBXFrameworksBuildPhase section */

/* Begin PBXGroup section */
		080E96DDFE201D6D7F000001 /* Classes */ = {
			isa = PBXGroup;
			children = (
				B03B05A613134F0500A39685 /* Reachability.m */,
				B03B05A713134F0500A39685 /* Reachability.h */,
				B0B8B95D12FA8F7600446CCC /* SlideMenuView.h */,
				B0B8B95C12FA8F7600446CCC /* SlideMenuView.m */,
				B092FABD1309CEFC007855C5 /* SlideImageView.h */,
				B092FABE1309CEFC007855C5 /* SlideImageView.m */,
				1D3623240D0F684500981E51 /* MyShoesAppDelegate.h */,
				1D3623250D0F684500981E51 /* MyShoesAppDelegate.m */,
				B0E5030C12F185C100C8978B /* NetworkTool.h */,
				B0E5030D12F185C100C8978B /* NetworkTool.m */,
				B0B8B76B12F76C1900446CCC /* Config.h */,
				B0B8B79C12F7706600446CCC /* Debug.h */,
				B0B8B86E12F7EED600446CCC /* Shoes.h */,
				B0B8B86F12F7EED600446CCC /* Shoes.m */,
				B0E1BA8C12FF58FE0044A2EF /* SlideMenuViewController.h */,
				B0E1BA8D12FF58FE0044A2EF /* SlideMenuViewController.m */,
				B0E1BC8B130095560044A2EF /* ShoesCategory.h */,
				B0E1BC8C130095560044A2EF /* ShoesCategory.m */,
				B0E1BE721301F88B0044A2EF /* TFHppleElement+AccessChildren.h */,
				B0E1BE731301F88B0044A2EF /* TFHppleElement+AccessChildren.m */,
				B0292543130E2CF600A78DB1 /* NSMutableArray+QueueAdditions.h */,
				B0292544130E2CF700A78DB1 /* NSMutableArray+QueueAdditions.m */,
				B0EE6B7F1391D3D30023FD4A /* ShoesTableView.h */,
				B0EE6B801391D3D30023FD4A /* ShoesTableView.m */,
				B0EE6B881391E1C50023FD4A /* ShoesTableViewCell.h */,
				B0EE6B871391E1C40023FD4A /* ShoesTableViewCell.m */,
				B0F63C741426B52D0017CC02 /* HomeViewController.h */,
				B0F63C751426B52D0017CC02 /* HomeViewController.m */,
				B02ADE5A142941330074543C /* HomeViewBtnCell.h */,
				B02ADE5B142941340074543C /* HomeViewBtnCell.m */,
				B0C4BE0C142C3CB600070F39 /* ShoesCategoryViewController.h */,
				B0C4BE0D142C3CB600070F39 /* ShoesCategoryViewController.m */,
				28D7ACF60DDB3853001CB0EB /* ShoesListViewController.h */,
				28D7ACF70DDB3853001CB0EB /* ShoesListViewController.m */,
				B0EE004A142D6FCC008A1131 /* ShoesListViewCell.h */,
				B0EE004B142D6FCC008A1131 /* ShoesListViewCell.m */,
				B0ADDBFF1316FEEE00B34625 /* ShoesDetailViewController.h */,
				B0ADDC001316FEEE00B34625 /* ShoesDetailViewController.m */,
			);
			path = Classes;
			sourceTree = "<group>";
		};
		19C28FACFE9D520D11CA2CBB /* Products */ = {
			isa = PBXGroup;
			children = (
				1D6058910D05DD3D006BFB54 /* MyShoes.app */,
			);
			name = Products;
			sourceTree = "<group>";
		};
		29B97314FDCFA39411CA2CEA /* CustomTemplate */ = {
			isa = PBXGroup;
			children = (
				B092F8CE1307DB0C007855C5 /* OrderedDictionary */,
				B0EE6B821391D9310023FD4A /* Data source */,
				B0B8B7DC12F7917A00446CCC /* hpple */,
				080E96DDFE201D6D7F000001 /* Classes */,
				29B97315FDCFA39411CA2CEA /* Other Sources */,
				29B97317FDCFA39411CA2CEA /* Resources */,
				29B97323FDCFA39411CA2CEA /* Frameworks */,
				19C28FACFE9D520D11CA2CBB /* Products */,
			);
			name = CustomTemplate;
			sourceTree = "<group>";
		};
		29B97315FDCFA39411CA2CEA /* Other Sources */ = {
			isa = PBXGroup;
			children = (
				32CA4F630368D1EE00C91783 /* MyShoes_Prefix.pch */,
				29B97316FDCFA39411CA2CEA /* main.m */,
			);
			name = "Other Sources";
			sourceTree = "<group>";
		};
		29B97317FDCFA39411CA2CEA /* Resources */ = {
			isa = PBXGroup;
			children = (
				B0F63C641426AA2E0017CC02 /* images */,
				28AD733E0D9D9553002E5188 /* MainWindow.xib */,
				B02ADE6514294AEE0074543C /* HomeViewController.xib */,
				B0F63C761426B52D0017CC02 /* HomeViewBtnCell.xib */,
				B0C4BE0E142C3CB600070F39 /* ShoesCategoryViewController.xib */,
				B0EE004F142DB570008A1131 /* ShoesListViewController.xib */,
				B0ADDC011316FEEE00B34625 /* ShoesDetailViewController.xib */,
				8D1107310486CEB800E47090 /* MyShoes-Info.plist */,
			);
			name = Resources;
			sourceTree = "<group>";
		};
		29B97323FDCFA39411CA2CEA /* Frameworks */ = {
			isa = PBXGroup;
			children = (
				1DF5F4DF0D08C38300B7A737 /* UIKit.framework */,
				1D30AB110D05D00D00671497 /* Foundation.framework */,
				288765A40DF7441C002DB57D /* CoreGraphics.framework */,
				B029241C130DCC8B00A78DB1 /* QuartzCore.framework */,
				B03B05791313463600A39685 /* SystemConfiguration.framework */,
			);
			name = Frameworks;
			sourceTree = "<group>";
		};
		B092F8CE1307DB0C007855C5 /* OrderedDictionary */ = {
			isa = PBXGroup;
			children = (
				B092F8D01307DB39007855C5 /* OrderedDictionary.h */,
				B092F8CF1307DB39007855C5 /* OrderedDictionary.m */,
			);
			name = OrderedDictionary;
			sourceTree = "<group>";
		};
		B0B8B7DC12F7917A00446CCC /* hpple */ = {
			isa = PBXGroup;
			children = (
				B0B8B7DD12F7917A00446CCC /* TFHpple.h */,
				B0B8B7DE12F7917A00446CCC /* TFHpple.m */,
				B0B8B7DF12F7917A00446CCC /* TFHppleElement.h */,
				B0B8B7E012F7917A00446CCC /* TFHppleElement.m */,
				B0B8B7E112F7917A00446CCC /* XPathQuery.h */,
				B0B8B7E212F7917A00446CCC /* XPathQuery.m */,
			);
			name = hpple;
			path = Classes/hpple;
			sourceTree = "<group>";
		};
		B0EE6B821391D9310023FD4A /* Data source */ = {
			isa = PBXGroup;
			children = (
				B0EE6B851391D95C0023FD4A /* ShoesDataSourceProtocol.h */,
				B0EE6B841391D95C0023FD4A /* ShoesDataSource.h */,
				B0EE6B831391D95C0023FD4A /* ShoesDataSource.m */,
			);
			name = "Data source";
			sourceTree = "<group>";
		};
		B0F63C641426AA2E0017CC02 /* images */ = {
			isa = PBXGroup;
			children = (
				B073A2FB1429BC8F00C30091 /* sale.png */,
				B073A2FC1429BC8F00C30091 /* category.png */,
				B0F63C791426BC8F0017CC02 /* background.png */,
				B0F63C6D1426B22B0017CC02 /* search.png */,
				B0F63C691426B13E0017CC02 /* Icon.png */,
				B0F63C651426AA4F0017CC02 /* home.png */,
				B0F63C661426AA4F0017CC02 /* settings.png */,
			);
			name = images;
			sourceTree = "<group>";
		};
/* End PBXGroup section */

/* Begin PBXNativeTarget section */
		1D6058900D05DD3D006BFB54 /* MyShoes */ = {
			isa = PBXNativeTarget;
			buildConfigurationList = 1D6058960D05DD3E006BFB54 /* Build configuration list for PBXNativeTarget "MyShoes" */;
			buildPhases = (
				1D60588D0D05DD3D006BFB54 /* Resources */,
				1D60588E0D05DD3D006BFB54 /* Sources */,
				1D60588F0D05DD3D006BFB54 /* Frameworks */,
			);
			buildRules = (
			);
			dependencies = (
			);
			name = MyShoes;
			productName = MyShoes;
			productReference = 1D6058910D05DD3D006BFB54 /* MyShoes.app */;
			productType = "com.apple.product-type.application";
		};
/* End PBXNativeTarget section */

/* Begin PBXProject section */
		29B97313FDCFA39411CA2CEA /* Project object */ = {
			isa = PBXProject;
			buildConfigurationList = C01FCF4E08A954540054247B /* Build configuration list for PBXProject "MyShoes" */;
			compatibilityVersion = "Xcode 3.1";
			developmentRegion = English;
			hasScannedForEncodings = 1;
			knownRegions = (
				English,
				Japanese,
				French,
				German,
			);
			mainGroup = 29B97314FDCFA39411CA2CEA /* CustomTemplate */;
			projectDirPath = "";
			projectRoot = "";
			targets = (
				1D6058900D05DD3D006BFB54 /* MyShoes */,
			);
		};
/* End PBXProject section */

/* Begin PBXResourcesBuildPhase section */
		1D60588D0D05DD3D006BFB54 /* Resources */ = {
			isa = PBXResourcesBuildPhase;
			buildActionMask = 2147483647;
			files = (
				28AD733F0D9D9553002E5188 /* MainWindow.xib in Resources */,
				B0ADDC031316FEEE00B34625 /* ShoesDetailViewController.xib in Resources */,
				B0F63C671426AA4F0017CC02 /* home.png in Resources */,
				B0F63C681426AA4F0017CC02 /* settings.png in Resources */,
				B0F63C6A1426B13E0017CC02 /* Icon.png in Resources */,
				B0F63C6E1426B22B0017CC02 /* search.png in Resources */,
				B0F63C781426B52D0017CC02 /* HomeViewBtnCell.xib in Resources */,
				B0F63C7A1426BC8F0017CC02 /* background.png in Resources */,
				B02ADE6614294AEE0074543C /* HomeViewController.xib in Resources */,
				B073A2FD1429BC8F00C30091 /* sale.png in Resources */,
				B073A2FE1429BC8F00C30091 /* category.png in Resources */,
				B0C4BE10142C3CB600070F39 /* ShoesCategoryViewController.xib in Resources */,
				B0EE0050142DB571008A1131 /* ShoesListViewController.xib in Resources */,
			);
			runOnlyForDeploymentPostprocessing = 0;
		};
/* End PBXResourcesBuildPhase section */

/* Begin PBXSourcesBuildPhase section */
		1D60588E0D05DD3D006BFB54 /* Sources */ = {
			isa = PBXSourcesBuildPhase;
			buildActionMask = 2147483647;
			files = (
				1D60589B0D05DD56006BFB54 /* main.m in Sources */,
				1D3623260D0F684500981E51 /* MyShoesAppDelegate.m in Sources */,
				28D7ACF80DDB3853001CB0EB /* ShoesListViewController.m in Sources */,
				B0E5030E12F185C100C8978B /* NetworkTool.m in Sources */,
				B0B8B7E312F7917A00446CCC /* TFHpple.m in Sources */,
				B0B8B7E412F7917A00446CCC /* TFHppleElement.m in Sources */,
				B0B8B7E512F7917A00446CCC /* XPathQuery.m in Sources */,
				B0B8B87012F7EED600446CCC /* Shoes.m in Sources */,
				B0B8B95E12FA8F7600446CCC /* SlideMenuView.m in Sources */,
				B0E1BA8E12FF58FE0044A2EF /* SlideMenuViewController.m in Sources */,
				B0E1BC8D130095560044A2EF /* ShoesCategory.m in Sources */,
				B0E1BE741301F88B0044A2EF /* TFHppleElement+AccessChildren.m in Sources */,
				B092F8D11307DB39007855C5 /* OrderedDictionary.m in Sources */,
				B092FABF1309CEFC007855C5 /* SlideImageView.m in Sources */,
				B0292545130E2CF700A78DB1 /* NSMutableArray+QueueAdditions.m in Sources */,
				B03B05A813134F0500A39685 /* Reachability.m in Sources */,
				B0ADDC021316FEEE00B34625 /* ShoesDetailViewController.m in Sources */,
				B0EE6B811391D3D30023FD4A /* ShoesTableView.m in Sources */,
				B0EE6B861391D95C0023FD4A /* ShoesDataSource.m in Sources */,
				B0EE6B891391E1C50023FD4A /* ShoesTableViewCell.m in Sources */,
				B0F63C771426B52D0017CC02 /* HomeViewController.m in Sources */,
				B02ADE5C142941340074543C /* HomeViewBtnCell.m in Sources */,
				B0C4BE0F142C3CB600070F39 /* ShoesCategoryViewController.m in Sources */,
				B0EE004D142D6FCC008A1131 /* ShoesListViewCell.m in Sources */,
			);
			runOnlyForDeploymentPostprocessing = 0;
		};
/* End PBXSourcesBuildPhase section */

/* Begin XCBuildConfiguration section */
		1D6058940D05DD3E006BFB54 /* Debug */ = {
			isa = XCBuildConfiguration;
			buildSettings = {
				ALWAYS_SEARCH_USER_PATHS = NO;
				COPY_PHASE_STRIP = NO;
				GCC_DYNAMIC_NO_PIC = NO;
				GCC_OPTIMIZATION_LEVEL = 0;
				GCC_PRECOMPILE_PREFIX_HEADER = YES;
				GCC_PREFIX_HEADER = MyShoes_Prefix.pch;
				INFOPLIST_FILE = "MyShoes-Info.plist";
				PRODUCT_NAME = MyShoes;
			};
			name = Debug;
		};
		1D6058950D05DD3E006BFB54 /* Release */ = {
			isa = XCBuildConfiguration;
			buildSettings = {
				ALWAYS_SEARCH_USER_PATHS = NO;
				COPY_PHASE_STRIP = YES;
				GCC_PRECOMPILE_PREFIX_HEADER = YES;
				GCC_PREFIX_HEADER = MyShoes_Prefix.pch;
				INFOPLIST_FILE = "MyShoes-Info.plist";
				PRODUCT_NAME = MyShoes;
				VALIDATE_PRODUCT = YES;
			};
			name = Release;
		};
		C01FCF4F08A954540054247B /* Debug */ = {
			isa = XCBuildConfiguration;
			buildSettings = {
				ARCHS = "$(ARCHS_STANDARD_32_BIT)";
				"CODE_SIGN_IDENTITY[sdk=iphoneos*]" = "iPhone Developer: Qi Wang (2ZTPN43Z5Y)";
				GCC_C_LANGUAGE_STANDARD = gnu99;
				GCC_WARN_ABOUT_RETURN_TYPE = YES;
				GCC_WARN_UNUSED_VARIABLE = YES;
				HEADER_SEARCH_PATHS = "${SDKROOT}/usr/include/libxml2/**";
				OTHER_LDFLAGS = "-lxml2";
				PREBINDING = NO;
				"PROVISIONING_PROFILE[sdk=iphoneos*]" = "0E31CE08-4CCA-48C2-81FD-3E209C129980";
				SDKROOT = iphoneos;
				TARGETED_DEVICE_FAMILY = "1,2";
			};
			name = Debug;
		};
		C01FCF5008A954540054247B /* Release */ = {
			isa = XCBuildConfiguration;
			buildSettings = {
				ARCHS = "$(ARCHS_STANDARD_32_BIT)";
				"CODE_SIGN_IDENTITY[sdk=iphoneos*]" = "iPhone Developer: Qi Wang (2ZTPN43Z5Y)";
				GCC_C_LANGUAGE_STANDARD = gnu99;
				GCC_WARN_ABOUT_RETURN_TYPE = YES;
				GCC_WARN_UNUSED_VARIABLE = YES;
				HEADER_SEARCH_PATHS = "${SDKROOT}/usr/include/libxml2/**";
				OTHER_CFLAGS = "-DNS_BLOCK_ASSERTIONS=1";
				OTHER_LDFLAGS = "-lxml2";
				PREBINDING = NO;
				"PROVISIONING_PROFILE[sdk=iphoneos*]" = "0E31CE08-4CCA-48C2-81FD-3E209C129980";
				SDKROOT = iphoneos;
				SYMROOT = /Users/denny/projects/output/MyShoes;
				TARGETED_DEVICE_FAMILY = "1,2";
			};
			name = Release;
		};
/* End XCBuildConfiguration section */

/* Begin XCConfigurationList section */
		1D6058960D05DD3E006BFB54 /* Build configuration list for PBXNativeTarget "MyShoes" */ = {
			isa = XCConfigurationList;
			buildConfigurations = (
				1D6058940D05DD3E006BFB54 /* Debug */,
				1D6058950D05DD3E006BFB54 /* Release */,
			);
			defaultConfigurationIsVisible = 0;
			defaultConfigurationName = Release;
		};
		C01FCF4E08A954540054247B /* Build configuration list for PBXProject "MyShoes" */ = {
			isa = XCConfigurationList;
			buildConfigurations = (
				C01FCF4F08A954540054247B /* Debug */,
				C01FCF5008A954540054247B /* Release */,
			);
			defaultConfigurationIsVisible = 0;
			defaultConfigurationName = Release;
		};
/* End XCConfigurationList section */
	};
	rootObject = 29B97313FDCFA39411CA2CEA /* Project object */;
}
